// !$*UTF8*$!
{
	archiveVersion = 1;
	classes = {
	};
	objectVersion = 56;
	objects = {

/* Begin PBXBuildFile section */
		000000000000000000000201 /* SleepSoundApp.swift in Sources */ = {isa = PBXBuildFile; fileRef = 000000000000000000000103 /* SleepSoundApp.swift */; };
		000000000000000000000202 /* AppState.swift in Sources */ = {isa = PBXBuildFile; fileRef = 000000000000000000000101 /* AppState.swift */; };
		000000000000000000000203 /* Formatting.swift in Sources */ = {isa = PBXBuildFile; fileRef = 000000000000000000000102 /* Formatting.swift */; };
		000000000000000000000204 /* AudioFeatureExtractor.swift in Sources */ = {isa = PBXBuildFile; fileRef = 000000000000000000000104 /* AudioFeatureExtractor.swift */; };
		000000000000000000000205 /* DetectorOutput.swift in Sources */ = {isa = PBXBuildFile; fileRef = 000000000000000000000105 /* DetectorOutput.swift */; };
		000000000000000000000206 /* RuleBasedSleepEventDetector.swift in Sources */ = {isa = PBXBuildFile; fileRef = 000000000000000000000106 /* RuleBasedSleepEventDetector.swift */; };
		000000000000000000000207 /* SleepAnalyzer.swift in Sources */ = {isa = PBXBuildFile; fileRef = 000000000000000000000107 /* SleepAnalyzer.swift */; };
		000000000000000000000208 /* SleepEventAggregator.swift in Sources */ = {isa = PBXBuildFile; fileRef = 000000000000000000000108 /* SleepEventAggregator.swift */; };
		000000000000000000000209 /* SleepScoreCalculator.swift in Sources */ = {isa = PBXBuildFile; fileRef = 000000000000000000000109 /* SleepScoreCalculator.swift */; };
		00000000000000000000020A /* AudioCaptureService.swift in Sources */ = {isa = PBXBuildFile; fileRef = 00000000000000000000010A /* AudioCaptureService.swift */; };
		00000000000000000000020B /* AudioChunk.swift in Sources */ = {isa = PBXBuildFile; fileRef = 00000000000000000000010B /* AudioChunk.swift */; };
		00000000000000000000020C /* AudioRingBuffer.swift in Sources */ = {isa = PBXBuildFile; fileRef = 00000000000000000000010C /* AudioRingBuffer.swift */; };
		00000000000000000000020D /* AudioSessionManager.swift in Sources */ = {isa = PBXBuildFile; fileRef = 00000000000000000000010D /* AudioSessionManager.swift */; };
		00000000000000000000020E /* HealthDashboardPlaceholder.swift in Sources */ = {isa = PBXBuildFile; fileRef = 00000000000000000000010E /* HealthDashboardPlaceholder.swift */; };
		00000000000000000000020F /* HealthKitServiceProtocol.swift in Sources */ = {isa = PBXBuildFile; fileRef = 00000000000000000000010F /* HealthKitServiceProtocol.swift */; };
		000000000000000000000210 /* HealthMetricType.swift in Sources */ = {isa = PBXBuildFile; fileRef = 000000000000000000000110 /* HealthMetricType.swift */; };
		000000000000000000000211 /* HealthMetricSample.swift in Sources */ = {isa = PBXBuildFile; fileRef = 000000000000000000000111 /* HealthMetricSample.swift */; };
		000000000000000000000212 /* MockSleepDataFactory.swift in Sources */ = {isa = PBXBuildFile; fileRef = 000000000000000000000112 /* MockSleepDataFactory.swift */; };
		000000000000000000000213 /* MorningCheckIn.swift in Sources */ = {isa = PBXBuildFile; fileRef = 000000000000000000000113 /* MorningCheckIn.swift */; };
		000000000000000000000214 /* NightReport.swift in Sources */ = {isa = PBXBuildFile; fileRef = 000000000000000000000114 /* NightReport.swift */; };
		000000000000000000000215 /* SleepEvent.swift in Sources */ = {isa = PBXBuildFile; fileRef = 000000000000000000000115 /* SleepEvent.swift */; };
		000000000000000000000216 /* SleepSession.swift in Sources */ = {isa = PBXBuildFile; fileRef = 000000000000000000000116 /* SleepSession.swift */; };
		000000000000000000000217 /* AudioRetentionPolicy.swift in Sources */ = {isa = PBXBuildFile; fileRef = 000000000000000000000119 /* AudioRetentionPolicy.swift */; };
		000000000000000000000218 /* PrivacyPolicyModel.swift in Sources */ = {isa = PBXBuildFile; fileRef = 00000000000000000000011A /* PrivacyPolicyModel.swift */; };
		000000000000000000000219 /* LocalDataStore.swift in Sources */ = {isa = PBXBuildFile; fileRef = 00000000000000000000011B /* LocalDataStore.swift */; };
		00000000000000000000021A /* SleepRepository.swift in Sources */ = {isa = PBXBuildFile; fileRef = 00000000000000000000011C /* SleepRepository.swift */; };
		00000000000000000000021B /* HomeDashboardView.swift in Sources */ = {isa = PBXBuildFile; fileRef = 00000000000000000000011D /* HomeDashboardView.swift */; };
		00000000000000000000021C /* TrendChartView.swift in Sources */ = {isa = PBXBuildFile; fileRef = 00000000000000000000011E /* TrendChartView.swift */; };
		00000000000000000000021D /* DevicePlacementGuideView.swift in Sources */ = {isa = PBXBuildFile; fileRef = 00000000000000000000011F /* DevicePlacementGuideView.swift */; };
		00000000000000000000021E /* PrivacySettingsView.swift in Sources */ = {isa = PBXBuildFile; fileRef = 000000000000000000000120 /* PrivacySettingsView.swift */; };
		00000000000000000000021F /* MorningCheckInView.swift in Sources */ = {isa = PBXBuildFile; fileRef = 000000000000000000000121 /* MorningCheckInView.swift */; };
		000000000000000000000220 /* SleepEventStyle.swift in Sources */ = {isa = PBXBuildFile; fileRef = 000000000000000000000122 /* SleepEventStyle.swift */; };
		000000000000000000000221 /* SleepRecordingView.swift in Sources */ = {isa = PBXBuildFile; fileRef = 000000000000000000000123 /* SleepRecordingView.swift */; };
		000000000000000000000222 /* SleepReportView.swift in Sources */ = {isa = PBXBuildFile; fileRef = 000000000000000000000124 /* SleepReportView.swift */; };
		000000000000000000000223 /* SleepStartView.swift in Sources */ = {isa = PBXBuildFile; fileRef = 000000000000000000000125 /* SleepStartView.swift */; };
		000000000000000000000224 /* SleepTimelineView.swift in Sources */ = {isa = PBXBuildFile; fileRef = 000000000000000000000126 /* SleepTimelineView.swift */; };
/* End PBXBuildFile section */

/* Begin PBXFileReference section */
		000000000000000000000004 /* SleepSoundApp.app */ = {isa = PBXFileReference; explicitFileType = wrapper.application; includeInIndex = 0; path = SleepSoundApp.app; sourceTree = BUILT_PRODUCTS_DIR; };
		000000000000000000000101 /* AppState.swift */ = {isa = PBXFileReference; lastKnownFileType = sourcecode.swift; path = AppState.swift; sourceTree = "<group>"; };
		000000000000000000000102 /* Formatting.swift */ = {isa = PBXFileReference; lastKnownFileType = sourcecode.swift; path = Formatting.swift; sourceTree = "<group>"; };
		000000000000000000000103 /* SleepSoundApp.swift */ = {isa = PBXFileReference; lastKnownFileType = sourcecode.swift; path = SleepSoundApp.swift; sourceTree = "<group>"; };
		000000000000000000000104 /* AudioFeatureExtractor.swift */ = {isa = PBXFileReference; lastKnownFileType = sourcecode.swift; path = AudioFeatureExtractor.swift; sourceTree = "<group>"; };
		000000000000000000000105 /* DetectorOutput.swift */ = {isa = PBXFileReference; lastKnownFileType = sourcecode.swift; path = DetectorOutput.swift; sourceTree = "<group>"; };
		000000000000000000000106 /* RuleBasedSleepEventDetector.swift */ = {isa = PBXFileReference; lastKnownFileType = sourcecode.swift; path = RuleBasedSleepEventDetector.swift; sourceTree = "<group>"; };
		000000000000000000000107 /* SleepAnalyzer.swift */ = {isa = PBXFileReference; lastKnownFileType = sourcecode.swift; path = SleepAnalyzer.swift; sourceTree = "<group>"; };
		000000000000000000000108 /* SleepEventAggregator.swift */ = {isa = PBXFileReference; lastKnownFileType = sourcecode.swift; path = SleepEventAggregator.swift; sourceTree = "<group>"; };
		000000000000000000000109 /* SleepScoreCalculator.swift */ = {isa = PBXFileReference; lastKnownFileType = sourcecode.swift; path = SleepScoreCalculator.swift; sourceTree = "<group>"; };
		00000000000000000000010A /* AudioCaptureService.swift */ = {isa = PBXFileReference; lastKnownFileType = sourcecode.swift; path = AudioCaptureService.swift; sourceTree = "<group>"; };
		00000000000000000000010B /* AudioChunk.swift */ = {isa = PBXFileReference; lastKnownFileType = sourcecode.swift; path = AudioChunk.swift; sourceTree = "<group>"; };
		00000000000000000000010C /* AudioRingBuffer.swift */ = {isa = PBXFileReference; lastKnownFileType = sourcecode.swift; path = AudioRingBuffer.swift; sourceTree = "<group>"; };
		00000000000000000000010D /* AudioSessionManager.swift */ = {isa = PBXFileReference; lastKnownFileType = sourcecode.swift; path = AudioSessionManager.swift; sourceTree = "<group>"; };
		00000000000000000000010E /* HealthDashboardPlaceholder.swift */ = {isa = PBXFileReference; lastKnownFileType = sourcecode.swift; path = HealthDashboardPlaceholder.swift; sourceTree = "<group>"; };
		00000000000000000000010F /* HealthKitServiceProtocol.swift */ = {isa = PBXFileReference; lastKnownFileType = sourcecode.swift; path = HealthKitServiceProtocol.swift; sourceTree = "<group>"; };
		000000000000000000000110 /* HealthMetricType.swift */ = {isa = PBXFileReference; lastKnownFileType = sourcecode.swift; path = HealthMetricType.swift; sourceTree = "<group>"; };
		000000000000000000000111 /* HealthMetricSample.swift */ = {isa = PBXFileReference; lastKnownFileType = sourcecode.swift; path = HealthMetricSample.swift; sourceTree = "<group>"; };
		000000000000000000000112 /* MockSleepDataFactory.swift */ = {isa = PBXFileReference; lastKnownFileType = sourcecode.swift; path = MockSleepDataFactory.swift; sourceTree = "<group>"; };
		000000000000000000000113 /* MorningCheckIn.swift */ = {isa = PBXFileReference; lastKnownFileType = sourcecode.swift; path = MorningCheckIn.swift; sourceTree = "<group>"; };
		000000000000000000000114 /* NightReport.swift */ = {isa = PBXFileReference; lastKnownFileType = sourcecode.swift; path = NightReport.swift; sourceTree = "<group>"; };
		000000000000000000000115 /* SleepEvent.swift */ = {isa = PBXFileReference; lastKnownFileType = sourcecode.swift; path = SleepEvent.swift; sourceTree = "<group>"; };
		000000000000000000000116 /* SleepSession.swift */ = {isa = PBXFileReference; lastKnownFileType = sourcecode.swift; path = SleepSession.swift; sourceTree = "<group>"; };
		000000000000000000000119 /* AudioRetentionPolicy.swift */ = {isa = PBXFileReference; lastKnownFileType = sourcecode.swift; path = AudioRetentionPolicy.swift; sourceTree = "<group>"; };
		00000000000000000000011A /* PrivacyPolicyModel.swift */ = {isa = PBXFileReference; lastKnownFileType = sourcecode.swift; path = PrivacyPolicyModel.swift; sourceTree = "<group>"; };
		00000000000000000000011B /* LocalDataStore.swift */ = {isa = PBXFileReference; lastKnownFileType = sourcecode.swift; path = LocalDataStore.swift; sourceTree = "<group>"; };
		00000000000000000000011C /* SleepRepository.swift */ = {isa = PBXFileReference; lastKnownFileType = sourcecode.swift; path = SleepRepository.swift; sourceTree = "<group>"; };
		00000000000000000000011D /* HomeDashboardView.swift */ = {isa = PBXFileReference; lastKnownFileType = sourcecode.swift; path = HomeDashboardView.swift; sourceTree = "<group>"; };
		00000000000000000000011E /* TrendChartView.swift */ = {isa = PBXFileReference; lastKnownFileType = sourcecode.swift; path = TrendChartView.swift; sourceTree = "<group>"; };
		00000000000000000000011F /* DevicePlacementGuideView.swift */ = {isa = PBXFileReference; lastKnownFileType = sourcecode.swift; path = DevicePlacementGuideView.swift; sourceTree = "<group>"; };
		000000000000000000000120 /* PrivacySettingsView.swift */ = {isa = PBXFileReference; lastKnownFileType = sourcecode.swift; path = PrivacySettingsView.swift; sourceTree = "<group>"; };
		000000000000000000000121 /* MorningCheckInView.swift */ = {isa = PBXFileReference; lastKnownFileType = sourcecode.swift; path = MorningCheckInView.swift; sourceTree = "<group>"; };
		000000000000000000000122 /* SleepEventStyle.swift */ = {isa = PBXFileReference; lastKnownFileType = sourcecode.swift; path = SleepEventStyle.swift; sourceTree = "<group>"; };
		000000000000000000000123 /* SleepRecordingView.swift */ = {isa = PBXFileReference; lastKnownFileType = sourcecode.swift; path = SleepRecordingView.swift; sourceTree = "<group>"; };
		000000000000000000000124 /* SleepReportView.swift */ = {isa = PBXFileReference; lastKnownFileType = sourcecode.swift; path = SleepReportView.swift; sourceTree = "<group>"; };
		000000000000000000000125 /* SleepStartView.swift */ = {isa = PBXFileReference; lastKnownFileType = sourcecode.swift; path = SleepStartView.swift; sourceTree = "<group>"; };
		000000000000000000000126 /* SleepTimelineView.swift */ = {isa = PBXFileReference; lastKnownFileType = sourcecode.swift; path = SleepTimelineView.swift; sourceTree = "<group>"; };
		000000000000000000000127 /* Package.swift */ = {isa = PBXFileReference; lastKnownFileType = sourcecode.swift; path = Package.swift; sourceTree = "<group>"; };
		000000000000000000000128 /* SleepScoreCalculatorTests.swift */ = {isa = PBXFileReference; lastKnownFileType = sourcecode.swift; path = SleepScoreCalculatorTests.swift; sourceTree = "<group>"; };
		000000000000000000000129 /* SleepEventAggregatorTests.swift */ = {isa = PBXFileReference; lastKnownFileType = sourcecode.swift; path = SleepEventAggregatorTests.swift; sourceTree = "<group>"; };
/* End PBXFileReference section */

/* Begin PBXFrameworksBuildPhase section */
		000000000000000000000006 /* Frameworks */ = {
			isa = PBXFrameworksBuildPhase;
			buildActionMask = 2147483647;
			files = (
			);
			runOnlyForDeploymentPostprocessing = 0;
		};
/* End PBXFrameworksBuildPhase section */

/* Begin PBXGroup section */
		000000000000000000000001 = {
			isa = PBXGroup;
			children = (
				00000000000000000000000F /* SleepSoundApp */,
				00000000000000000000001C /* Tests */,
				000000000000000000000127 /* Package.swift */,
				00000000000000000000000E /* Products */,
			);
			sourceTree = "<group>";
		};
		00000000000000000000000E /* Products */ = {
			isa = PBXGroup;
			children = (
				000000000000000000000004 /* SleepSoundApp.app */,
			);
			name = Products;
			sourceTree = "<group>";
		};
		00000000000000000000000F /* SleepSoundApp */ = {
			isa = PBXGroup;
			children = (
				000000000000000000000010 /* App */,
				000000000000000000000011 /* Features */,
				000000000000000000000012 /* Core */,
			);
			path = SleepSoundApp;
			sourceTree = "<group>";
		};
		000000000000000000000010 /* App */ = {
			isa = PBXGroup;
			children = (
				000000000000000000000103 /* SleepSoundApp.swift */,
				000000000000000000000101 /* AppState.swift */,
				000000000000000000000102 /* Formatting.swift */,
			);
			path = App;
			sourceTree = "<group>";
		};
		000000000000000000000011 /* Features */ = {
			isa = PBXGroup;
			children = (
				000000000000000000000013 /* Sleep */,
				000000000000000000000014 /* Dashboard */,
				000000000000000000000015 /* Settings */,
			);
			path = Features;
			sourceTree = "<group>";
		};
		000000000000000000000012 /* Core */ = {
			isa = PBXGroup;
			children = (
				000000000000000000000017 /* Audio */,
				000000000000000000000016 /* Analysis */,
				000000000000000000000018 /* Models */,
				000000000000000000000019 /* Storage */,
				00000000000000000000001A /* Privacy */,
				00000000000000000000001B /* FutureHealth */,
			);
			path = Core;
			sourceTree = "<group>";
		};
		000000000000000000000013 /* Sleep */ = {
			isa = PBXGroup;
			children = (
				000000000000000000000125 /* SleepStartView.swift */,
				000000000000000000000123 /* SleepRecordingView.swift */,
				000000000000000000000124 /* SleepReportView.swift */,
				000000000000000000000126 /* SleepTimelineView.swift */,
				000000000000000000000121 /* MorningCheckInView.swift */,
				000000000000000000000122 /* SleepEventStyle.swift */,
			);
			path = Sleep;
			sourceTree = "<group>";
		};
		000000000000000000000014 /* Dashboard */ = {
			isa = PBXGroup;
			children = (
				00000000000000000000011D /* HomeDashboardView.swift */,
				00000000000000000000011E /* TrendChartView.swift */,
			);
			path = Dashboard;
			sourceTree = "<group>";
		};
		000000000000000000000015 /* Settings */ = {
			isa = PBXGroup;
			children = (
				000000000000000000000120 /* PrivacySettingsView.swift */,
				00000000000000000000011F /* DevicePlacementGuideView.swift */,
			);
			path = Settings;
			sourceTree = "<group>";
		};
		000000000000000000000016 /* Analysis */ = {
			isa = PBXGroup;
			children = (
				000000000000000000000107 /* SleepAnalyzer.swift */,
				000000000000000000000104 /* AudioFeatureExtractor.swift */,
				000000000000000000000106 /* RuleBasedSleepEventDetector.swift */,
				000000000000000000000108 /* SleepEventAggregator.swift */,
				000000000000000000000109 /* SleepScoreCalculator.swift */,
				000000000000000000000105 /* DetectorOutput.swift */,
			);
			path = Analysis;
			sourceTree = "<group>";
		};
		000000000000000000000017 /* Audio */ = {
			isa = PBXGroup;
			children = (
				00000000000000000000010A /* AudioCaptureService.swift */,
				00000000000000000000010D /* AudioSessionManager.swift */,
				00000000000000000000010C /* AudioRingBuffer.swift */,
				00000000000000000000010B /* AudioChunk.swift */,
			);
			path = Audio;
			sourceTree = "<group>";
		};
		000000000000000000000018 /* Models */ = {
			isa = PBXGroup;
			children = (
				000000000000000000000116 /* SleepSession.swift */,
				000000000000000000000115 /* SleepEvent.swift */,
				000000000000000000000114 /* NightReport.swift */,
				000000000000000000000113 /* MorningCheckIn.swift */,
				000000000000000000000111 /* HealthMetricSample.swift */,
				000000000000000000000112 /* MockSleepDataFactory.swift */,
			);
			path = Models;
			sourceTree = "<group>";
		};
		000000000000000000000019 /* Storage */ = {
			isa = PBXGroup;
			children = (
				00000000000000000000011B /* LocalDataStore.swift */,
				00000000000000000000011C /* SleepRepository.swift */,
			);
			path = Storage;
			sourceTree = "<group>";
		};
		00000000000000000000001A /* Privacy */ = {
			isa = PBXGroup;
			children = (
				00000000000000000000011A /* PrivacyPolicyModel.swift */,
				000000000000000000000119 /* AudioRetentionPolicy.swift */,
			);
			path = Privacy;
			sourceTree = "<group>";
		};
		00000000000000000000001B /* FutureHealth */ = {
			isa = PBXGroup;
			children = (
				000000000000000000000110 /* HealthMetricType.swift */,
				00000000000000000000010F /* HealthKitServiceProtocol.swift */,
				00000000000000000000010E /* HealthDashboardPlaceholder.swift */,
			);
			path = FutureHealth;
			sourceTree = "<group>";
		};
		00000000000000000000001C /* Tests */ = {
			isa = PBXGroup;
			children = (
				000000000000000000000128 /* SleepScoreCalculatorTests.swift */,
				000000000000000000000129 /* SleepEventAggregatorTests.swift */,
			);
			path = Tests;
			sourceTree = "<group>";
		};
/* End PBXGroup section */

/* Begin PBXNativeTarget section */
		000000000000000000000003 /* SleepSoundApp */ = {
			isa = PBXNativeTarget;
			buildConfigurationList = 000000000000000000000009 /* Build configuration list for PBXNativeTarget "SleepSoundApp" */;
			buildPhases = (
				000000000000000000000005 /* Sources */,
				000000000000000000000006 /* Frameworks */,
				000000000000000000000007 /* Resources */,
			);
			buildRules = (
			);
			dependencies = (
			);
			name = SleepSoundApp;
			productName = SleepSoundApp;
			productReference = 000000000000000000000004 /* SleepSoundApp.app */;
			productType = "com.apple.product-type.application";
		};
/* End PBXNativeTarget section */

/* Begin PBXProject section */
		000000000000000000000002 /* Project object */ = {
			isa = PBXProject;
			attributes = {
				BuildIndependentTargetsInParallel = 1;
				LastSwiftUpdateCheck = 1600;
				LastUpgradeCheck = 1600;
				TargetAttributes = {
					000000000000000000000003 = {
						CreatedOnToolsVersion = 16.0;
					};
				};
			};
			buildConfigurationList = 000000000000000000000008 /* Build configuration list for PBXProject "NightBreath" */;
			compatibilityVersion = "Xcode 15.0";
			developmentRegion = en;
			hasScannedForEncodings = 0;
			knownRegions = (
				en,
				Base,
			);
			mainGroup = 000000000000000000000001;
			productRefGroup = 00000000000000000000000E /* Products */;
			projectDirPath = "";
			projectRoot = "";
			targets = (
				000000000000000000000003 /* SleepSoundApp */,
			);
		};
/* End PBXProject section */

/* Begin PBXResourcesBuildPhase section */
		000000000000000000000007 /* Resources */ = {
			isa = PBXResourcesBuildPhase;
			buildActionMask = 2147483647;
			files = (
			);
			runOnlyForDeploymentPostprocessing = 0;
		};
/* End PBXResourcesBuildPhase section */

/* Begin PBXSourcesBuildPhase section */
		000000000000000000000005 /* Sources */ = {
			isa = PBXSourcesBuildPhase;
			buildActionMask = 2147483647;
			files = (
				000000000000000000000201 /* SleepSoundApp.swift in Sources */,
				000000000000000000000202 /* AppState.swift in Sources */,
				000000000000000000000203 /* Formatting.swift in Sources */,
				000000000000000000000204 /* AudioFeatureExtractor.swift in Sources */,
				000000000000000000000205 /* DetectorOutput.swift in Sources */,
				000000000000000000000206 /* RuleBasedSleepEventDetector.swift in Sources */,
				000000000000000000000207 /* SleepAnalyzer.swift in Sources */,
				000000000000000000000208 /* SleepEventAggregator.swift in Sources */,
				000000000000000000000209 /* SleepScoreCalculator.swift in Sources */,
				00000000000000000000020A /* AudioCaptureService.swift in Sources */,
				00000000000000000000020B /* AudioChunk.swift in Sources */,
				00000000000000000000020C /* AudioRingBuffer.swift in Sources */,
				00000000000000000000020D /* AudioSessionManager.swift in Sources */,
				00000000000000000000020E /* HealthDashboardPlaceholder.swift in Sources */,
				00000000000000000000020F /* HealthKitServiceProtocol.swift in Sources */,
				000000000000000000000210 /* HealthMetricType.swift in Sources */,
				000000000000000000000211 /* HealthMetricSample.swift in Sources */,
				000000000000000000000212 /* MockSleepDataFactory.swift in Sources */,
				000000000000000000000213 /* MorningCheckIn.swift in Sources */,
				000000000000000000000214 /* NightReport.swift in Sources */,
				000000000000000000000215 /* SleepEvent.swift in Sources */,
				000000000000000000000216 /* SleepSession.swift in Sources */,
				000000000000000000000217 /* AudioRetentionPolicy.swift in Sources */,
				000000000000000000000218 /* PrivacyPolicyModel.swift in Sources */,
				000000000000000000000219 /* LocalDataStore.swift in Sources */,
				00000000000000000000021A /* SleepRepository.swift in Sources */,
				00000000000000000000021B /* HomeDashboardView.swift in Sources */,
				00000000000000000000021C /* TrendChartView.swift in Sources */,
				00000000000000000000021D /* DevicePlacementGuideView.swift in Sources */,
				00000000000000000000021E /* PrivacySettingsView.swift in Sources */,
				00000000000000000000021F /* MorningCheckInView.swift in Sources */,
				000000000000000000000220 /* SleepEventStyle.swift in Sources */,
				000000000000000000000221 /* SleepRecordingView.swift in Sources */,
				000000000000000000000222 /* SleepReportView.swift in Sources */,
				000000000000000000000223 /* SleepStartView.swift in Sources */,
				000000000000000000000224 /* SleepTimelineView.swift in Sources */,
			);
			runOnlyForDeploymentPostprocessing = 0;
		};
/* End PBXSourcesBuildPhase section */

/* Begin XCBuildConfiguration section */
		00000000000000000000000A /* Debug */ = {
			isa = XCBuildConfiguration;
			buildSettings = {
				ALWAYS_SEARCH_USER_PATHS = NO;
				CLANG_ANALYZER_NONNULL = YES;
				CLANG_ANALYZER_NUMBER_OBJECT_CONVERSION = YES_AGGRESSIVE;
				CLANG_CXX_LANGUAGE_STANDARD = "gnu++20";
				CLANG_ENABLE_MODULES = YES;
				CLANG_ENABLE_OBJC_ARC = YES;
				CLANG_ENABLE_OBJC_WEAK = YES;
				CLANG_WARN_BLOCK_CAPTURE_AUTORELEASING = YES;
				CLANG_WARN_BOOL_CONVERSION = YES;
				CLANG_WARN_COMMA = YES;
				CLANG_WARN_CONSTANT_CONVERSION = YES;
				CLANG_WARN_DEPRECATED_OBJC_IMPLEMENTATIONS = YES;
				CLANG_WARN_DIRECT_OBJC_ISA_USAGE = YES_ERROR;
				CLANG_WARN_DOCUMENTATION_COMMENTS = YES;
				CLANG_WARN_EMPTY_BODY = YES;
				CLANG_WARN_ENUM_CONVERSION = YES;
				CLANG_WARN_INFINITE_RECURSION = YES;
				CLANG_WARN_INT_CONVERSION = YES;
				CLANG_WARN_NON_LITERAL_NULL_CONVERSION = YES;
				CLANG_WARN_OBJC_IMPLICIT_RETAIN_SELF = YES;
				CLANG_WARN_OBJC_LITERAL_CONVERSION = YES;
				CLANG_WARN_OBJC_ROOT_CLASS = YES_ERROR;
				CLANG_WARN_QUOTED_INCLUDE_IN_FRAMEWORK_HEADER = YES;
				CLANG_WARN_RANGE_LOOP_ANALYSIS = YES;
				CLANG_WARN_STRICT_PROTOTYPES = YES;
				CLANG_WARN_SUSPICIOUS_MOVE = YES;
				CLANG_WARN_UNGUARDED_AVAILABILITY = YES_AGGRESSIVE;
				CLANG_WARN_UNREACHABLE_CODE = YES;
				CLANG_WARN__DUPLICATE_METHOD_MATCH = YES;
				COPY_PHASE_STRIP = NO;
				DEBUG_INFORMATION_FORMAT = dwarf;
				ENABLE_STRICT_OBJC_MSGSEND = YES;
				ENABLE_TESTABILITY = YES;
				ENABLE_USER_SCRIPT_SANDBOXING = YES;
				GCC_C_LANGUAGE_STANDARD = gnu17;
				GCC_DYNAMIC_NO_PIC = NO;
				GCC_NO_COMMON_BLOCKS = YES;
				GCC_OPTIMIZATION_LEVEL = 0;
				GCC_PREPROCESSOR_DEFINITIONS = (
					"DEBUG=1",
					"$(inherited)",
				);
				GCC_WARN_64_TO_32_BIT_CONVERSION = YES;
				GCC_WARN_ABOUT_RETURN_TYPE = YES_ERROR;
				GCC_WARN_UNDECLARED_SELECTOR = YES;
				GCC_WARN_UNINITIALIZED_AUTOS = YES_AGGRESSIVE;
				GCC_WARN_UNUSED_FUNCTION = YES;
				GCC_WARN_UNUSED_VARIABLE = YES;
				IPHONEOS_DEPLOYMENT_TARGET = 17.0;
				MTL_ENABLE_DEBUG_INFO = INCLUDE_SOURCE;
				MTL_FAST_MATH = YES;
				ONLY_ACTIVE_ARCH = YES;
				SDKROOT = iphoneos;
				SWIFT_ACTIVE_COMPILATION_CONDITIONS = DEBUG;
				SWIFT_OPTIMIZATION_LEVEL = "-Onone";
				SWIFT_VERSION = 6.0;
			};
			name = Debug;
		};
		00000000000000000000000B /* Release */ = {
			isa = XCBuildConfiguration;
			buildSettings = {
				ALWAYS_SEARCH_USER_PATHS = NO;
				CLANG_ANALYZER_NONNULL = YES;
				CLANG_ANALYZER_NUMBER_OBJECT_CONVERSION = YES_AGGRESSIVE;
				CLANG_CXX_LANGUAGE_STANDARD = "gnu++20";
				CLANG_ENABLE_MODULES = YES;
				CLANG_ENABLE_OBJC_ARC = YES;
				CLANG_ENABLE_OBJC_WEAK = YES;
				CLANG_WARN_BLOCK_CAPTURE_AUTORELEASING = YES;
				CLANG_WARN_BOOL_CONVERSION = YES;
				CLANG_WARN_COMMA = YES;
				CLANG_WARN_CONSTANT_CONVERSION = YES;
				CLANG_WARN_DEPRECATED_OBJC_IMPLEMENTATIONS = YES;
				CLANG_WARN_DIRECT_OBJC_ISA_USAGE = YES_ERROR;
				CLANG_WARN_DOCUMENTATION_COMMENTS = YES;
				CLANG_WARN_EMPTY_BODY = YES;
				CLANG_WARN_ENUM_CONVERSION = YES;
				CLANG_WARN_INFINITE_RECURSION = YES;
				CLANG_WARN_INT_CONVERSION = YES;
				CLANG_WARN_NON_LITERAL_NULL_CONVERSION = YES;
				CLANG_WARN_OBJC_IMPLICIT_RETAIN_SELF = YES;
				CLANG_WARN_OBJC_LITERAL_CONVERSION = YES;
				CLANG_WARN_OBJC_ROOT_CLASS = YES_ERROR;
				CLANG_WARN_QUOTED_INCLUDE_IN_FRAMEWORK_HEADER = YES;
				CLANG_WARN_RANGE_LOOP_ANALYSIS = YES;
				CLANG_WARN_STRICT_PROTOTYPES = YES;
				CLANG_WARN_SUSPICIOUS_MOVE = YES;
				CLANG_WARN_UNGUARDED_AVAILABILITY = YES_AGGRESSIVE;
				CLANG_WARN_UNREACHABLE_CODE = YES;
				CLANG_WARN__DUPLICATE_METHOD_MATCH = YES;
				COPY_PHASE_STRIP = NO;
				DEBUG_INFORMATION_FORMAT = "dwarf-with-dsym";
				ENABLE_NS_ASSERTIONS = NO;
				ENABLE_STRICT_OBJC_MSGSEND = YES;
				ENABLE_USER_SCRIPT_SANDBOXING = YES;
				GCC_C_LANGUAGE_STANDARD = gnu17;
				GCC_NO_COMMON_BLOCKS = YES;
				GCC_WARN_64_TO_32_BIT_CONVERSION = YES;
				GCC_WARN_ABOUT_RETURN_TYPE = YES_ERROR;
				GCC_WARN_UNDECLARED_SELECTOR = YES;
				GCC_WARN_UNINITIALIZED_AUTOS = YES_AGGRESSIVE;
				GCC_WARN_UNUSED_FUNCTION = YES;
				GCC_WARN_UNUSED_VARIABLE = YES;
				IPHONEOS_DEPLOYMENT_TARGET = 17.0;
				MTL_ENABLE_DEBUG_INFO = NO;
				MTL_FAST_MATH = YES;
				SDKROOT = iphoneos;
				SWIFT_COMPILATION_MODE = wholemodule;
				SWIFT_OPTIMIZATION_LEVEL = "-O";
				SWIFT_VERSION = 6.0;
				VALIDATE_PRODUCT = YES;
			};
			name = Release;
		};
		00000000000000000000000C /* Debug */ = {
			isa = XCBuildConfiguration;
			buildSettings = {
				ASSETCATALOG_COMPILER_GLOBAL_ACCENT_COLOR_NAME = AccentColor;
				CODE_SIGN_STYLE = Automatic;
				CURRENT_PROJECT_VERSION = 1;
				DEVELOPMENT_TEAM = "";
				GENERATE_INFOPLIST_FILE = YES;
				INFOPLIST_KEY_CFBundleDisplayName = NightBreath;
				INFOPLIST_KEY_NSMicrophoneUsageDescription = "수면 중 감지된 소리 기반 지표를 온디바이스로 분석하기 위해 마이크 접근이 필요합니다.";
				INFOPLIST_KEY_UIApplicationSceneManifest_Generation = YES;
				INFOPLIST_KEY_UIApplicationSupportsIndirectInputEvents = YES;
				INFOPLIST_KEY_UILaunchScreen_Generation = YES;
				INFOPLIST_KEY_UISupportedInterfaceOrientations_iPhone = UIInterfaceOrientationPortrait;
				LD_RUNPATH_SEARCH_PATHS = (
					"$(inherited)",
					"@executable_path/Frameworks",
				);
				MARKETING_VERSION = 1.0;
				PRODUCT_BUNDLE_IDENTIFIER = com.local.NightBreath;
				PRODUCT_NAME = "$(TARGET_NAME)";
				SUPPORTED_PLATFORMS = "iphoneos iphonesimulator";
				SUPPORTS_MACCATALYST = NO;
				SUPPORTS_MAC_DESIGNED_FOR_IPHONE_IPAD = NO;
				SWIFT_EMIT_LOC_STRINGS = YES;
				SWIFT_VERSION = 6.0;
				TARGETED_DEVICE_FAMILY = 1;
			};
			name = Debug;
		};
		00000000000000000000000D /* Release */ = {
			isa = XCBuildConfiguration;
			buildSettings = {
				ASSETCATALOG_COMPILER_GLOBAL_ACCENT_COLOR_NAME = AccentColor;
				CODE_SIGN_STYLE = Automatic;
				CURRENT_PROJECT_VERSION = 1;
				DEVELOPMENT_TEAM = "";
				GENERATE_INFOPLIST_FILE = YES;
				INFOPLIST_KEY_CFBundleDisplayName = NightBreath;
				INFOPLIST_KEY_NSMicrophoneUsageDescription = "수면 중 감지된 소리 기반 지표를 온디바이스로 분석하기 위해 마이크 접근이 필요합니다.";
				INFOPLIST_KEY_UIApplicationSceneManifest_Generation = YES;
				INFOPLIST_KEY_UIApplicationSupportsIndirectInputEvents = YES;
				INFOPLIST_KEY_UILaunchScreen_Generation = YES;
				INFOPLIST_KEY_UISupportedInterfaceOrientations_iPhone = UIInterfaceOrientationPortrait;
				LD_RUNPATH_SEARCH_PATHS = (
					"$(inherited)",
					"@executable_path/Frameworks",
				);
				MARKETING_VERSION = 1.0;
				PRODUCT_BUNDLE_IDENTIFIER = com.local.NightBreath;
				PRODUCT_NAME = "$(TARGET_NAME)";
				SUPPORTED_PLATFORMS = "iphoneos iphonesimulator";
				SUPPORTS_MACCATALYST = NO;
				SUPPORTS_MAC_DESIGNED_FOR_IPHONE_IPAD = NO;
				SWIFT_EMIT_LOC_STRINGS = YES;
				SWIFT_VERSION = 6.0;
				TARGETED_DEVICE_FAMILY = 1;
			};
			name = Release;
		};
/* End XCBuildConfiguration section */

/* Begin XCConfigurationList section */
		000000000000000000000008 /* Build configuration list for PBXProject "NightBreath" */ = {
			isa = XCConfigurationList;
			buildConfigurations = (
				00000000000000000000000A /* Debug */,
				00000000000000000000000B /* Release */,
			);
			defaultConfigurationIsVisible = 0;
			defaultConfigurationName = Release;
		};
		000000000000000000000009 /* Build configuration list for PBXNativeTarget "SleepSoundApp" */ = {
			isa = XCConfigurationList;
			buildConfigurations = (
				00000000000000000000000C /* Debug */,
				00000000000000000000000D /* Release */,
			);
			defaultConfigurationIsVisible = 0;
			defaultConfigurationName = Release;
		};
/* End XCConfigurationList section */
	};
	rootObject = 000000000000000000000002 /* Project object */;
}
