// !$*UTF8*$!
{
	archiveVersion = 1;
	classes = {
	};
	objectVersion = 60;
	objects = {

/* Begin PBXBuildFile section */
		000000000000000000000201 /* SleepSoundApp.swift in Sources */ = {isa = PBXBuildFile; fileRef = 000000000000000000000103 /* SleepSoundApp.swift */; };
		000000000000000000000202 /* AppState.swift in Sources */ = {isa = PBXBuildFile; fileRef = 000000000000000000000101 /* AppState.swift */; };
		000000000000000000000203 /* Formatting.swift in Sources */ = {isa = PBXBuildFile; fileRef = 000000000000000000000102 /* Formatting.swift */; };
		000000000000000000000204 /* AudioFeatureExtractor.swift in Sources */ = {isa = PBXBuildFile; fileRef = 000000000000000000000104 /* AudioFeatureExtractor.swift */; };
		000000000000000000000205 /* DetectorOutput.swift in Sources */ = {isa = PBXBuildFile; fileRef = 000000000000000000000105 /* DetectorOutput.swift */; };
		000000000000000000000206 /* RuleBasedSleepEventDetector.swift in Sources */ = {isa = PBXBuildFile; fileRef = 000000000000000000000106 /* RuleBasedSleepEventDetector.swift */; };
		000000000000000000000207 /* SleepAnalyzer.swift in Sources */ = {isa = PBXBuildFile; fileRef = 000000000000000000000107 /* SleepAnalyzer.swift */; };
		000000000000000000000208 /* SleepEventAggregator.swift in Sources */ = {isa = PBXBuildFile; fileRef = 000000000000000000000108 /* SleepEventAggregator.swift */; };
		000000000000000000000209 /* SleepScoreCalculator.swift in Sources */ = {isa = PBXBuildFile; fileRef = 000000000000000000000109 /* SleepScoreCalculator.swift */; };
		00000000000000000000020A /* AudioCaptureService.swift in Sources */ = {isa = PBXBuildFile; fileRef = 00000000000000000000010A /* AudioCaptureService.swift */; };
		00000000000000000000020B /* AudioChunk.swift in Sources */ = {isa = PBXBuildFile; fileRef = 00000000000000000000010B /* AudioChunk.swift */; };
		00000000000000000000020C /* AudioRingBuffer.swift in Sources */ = {isa = PBXBuildFile; fileRef = 00000000000000000000010C /* AudioRingBuffer.swift */; };
		00000000000000000000020D /* AudioSessionManager.swift in Sources */ = {isa = PBXBuildFile; fileRef = 00000000000000000000010D /* AudioSessionManager.swift */; };
		00000000000000000000020E /* HealthDashboardPlaceholder.swift in Sources */ = {isa = PBXBuildFile; fileRef = 00000000000000000000010E /* HealthDashboardPlaceholder.swift */; };
		00000000000000000000020F /* HealthKitServiceProtocol.swift in Sources */ = {isa = PBXBuildFile; fileRef = 00000000000000000000010F /* HealthKitServiceProtocol.swift */; };
		000000000000000000000210 /* HealthMetricType.swift in Sources */ = {isa = PBXBuildFile; fileRef = 000000000000000000000110 /* HealthMetricType.swift */; };
		000000000000000000000211 /* HealthMetricSample.swift in Sources */ = {isa = PBXBuildFile; fileRef = 000000000000000000000111 /* HealthMetricSample.swift */; };
		000000000000000000000212 /* MockSleepDataFactory.swift in Sources */ = {isa = PBXBuildFile; fileRef = 000000000000000000000112 /* MockSleepDataFactory.swift */; };
		000000000000000000000213 /* MorningCheckIn.swift in Sources */ = {isa = PBXBuildFile; fileRef = 000000000000000000000113 /* MorningCheckIn.swift */; };
		000000000000000000000214 /* NightReport.swift in Sources */ = {isa = PBXBuildFile; fileRef = 000000000000000000000114 /* NightReport.swift */; };
		000000000000000000000215 /* SleepEvent.swift in Sources */ = {isa = PBXBuildFile; fileRef = 000000000000000000000115 /* SleepEvent.swift */; };
		000000000000000000000216 /* SleepSession.swift in Sources */ = {isa = PBXBuildFile; fileRef = 000000000000000000000116 /* SleepSession.swift */; };
		000000000000000000000217 /* AudioRetentionPolicy.swift in Sources */ = {isa = PBXBuildFile; fileRef = 000000000000000000000119 /* AudioRetentionPolicy.swift */; };
		000000000000000000000218 /* PrivacyPolicyModel.swift in Sources */ = {isa = PBXBuildFile; fileRef = 00000000000000000000011A /* PrivacyPolicyModel.swift */; };
		000000000000000000000219 /* LocalDataStore.swift in Sources */ = {isa = PBXBuildFile; fileRef = 00000000000000000000011B /* LocalDataStore.swift */; };
		00000000000000000000021A /* SleepRepository.swift in Sources */ = {isa = PBXBuildFile; fileRef = 00000000000000000000011C /* SleepRepository.swift */; };
		00000000000000000000021B /* HomeDashboardView.swift in Sources */ = {isa = PBXBuildFile; fileRef = 00000000000000000000011D /* HomeDashboardView.swift */; };
		00000000000000000000021C /* TrendChartView.swift in Sources */ = {isa = PBXBuildFile; fileRef = 00000000000000000000011E /* TrendChartView.swift */; };
		00000000000000000000021D /* DevicePlacementGuideView.swift in Sources */ = {isa = PBXBuildFile; fileRef = 00000000000000000000011F /* DevicePlacementGuideView.swift */; };
		00000000000000000000021E /* PrivacySettingsView.swift in Sources */ = {isa = PBXBuildFile; fileRef = 000000000000000000000120 /* PrivacySettingsView.swift */; };
		00000000000000000000021F /* MorningCheckInView.swift in Sources */ = {isa = PBXBuildFile; fileRef = 000000000000000000000121 /* MorningCheckInView.swift */; };
		000000000000000000000220 /* SleepEventStyle.swift in Sources */ = {isa = PBXBuildFile; fileRef = 000000000000000000000122 /* SleepEventStyle.swift */; };
		000000000000000000000221 /* SleepRecordingView.swift in Sources */ = {isa = PBXBuildFile; fileRef = 000000000000000000000123 /* SleepRecordingView.swift */; };
		000000000000000000000222 /* SleepReportView.swift in Sources */ = {isa = PBXBuildFile; fileRef = 000000000000000000000124 /* SleepReportView.swift */; };
		000000000000000000000223 /* SleepStartView.swift in Sources */ = {isa = PBXBuildFile; fileRef = 000000000000000000000125 /* SleepStartView.swift */; };
		000000000000000000000224 /* SleepTimelineView.swift in Sources */ = {isa = PBXBuildFile; fileRef = 000000000000000000000126 /* SleepTimelineView.swift */; };
		000000000000000000000225 /* AudioCaptureState.swift in Sources */ = {isa = PBXBuildFile; fileRef = 00000000000000000000012A /* AudioCaptureState.swift */; };
		000000000000000000000226 /* AudioCaptureServiceProtocol.swift in Sources */ = {isa = PBXBuildFile; fileRef = 00000000000000000000012B /* AudioCaptureServiceProtocol.swift */; };
		000000000000000000000227 /* SleepEventDetector.swift in Sources */ = {isa = PBXBuildFile; fileRef = 00000000000000000000012D /* SleepEventDetector.swift */; };
		000000000000000000000228 /* AudioFeatures.swift in Sources */ = {isa = PBXBuildFile; fileRef = 00000000000000000000012E /* AudioFeatures.swift */; };
		000000000000000000000229 /* DetectionSmoothingPolicy.swift in Sources */ = {isa = PBXBuildFile; fileRef = 00000000000000000000012F /* DetectionSmoothingPolicy.swift */; };
		00000000000000000000022A /* AudioDebugView.swift in Sources */ = {isa = PBXBuildFile; fileRef = 000000000000000000000135 /* AudioDebugView.swift */; };
		00000000000000000000022B /* FeatureCSVExporter.swift in Sources */ = {isa = PBXBuildFile; fileRef = 000000000000000000000136 /* FeatureCSVExporter.swift */; };
		00000000000000000000022C /* SleepDetectionBackend.swift in Sources */ = {isa = PBXBuildFile; fileRef = 000000000000000000000138 /* SleepDetectionBackend.swift */; };
		00000000000000000000022D /* CoreMLDetectorConfiguration.swift in Sources */ = {isa = PBXBuildFile; fileRef = 000000000000000000000139 /* CoreMLDetectorConfiguration.swift */; };
		00000000000000000000022E /* ModelInputAdapter.swift in Sources */ = {isa = PBXBuildFile; fileRef = 00000000000000000000013A /* ModelInputAdapter.swift */; };
		00000000000000000000022F /* MLModelProvider.swift in Sources */ = {isa = PBXBuildFile; fileRef = 00000000000000000000013B /* MLModelProvider.swift */; };
		000000000000000000000230 /* ModelOutputMapper.swift in Sources */ = {isa = PBXBuildFile; fileRef = 00000000000000000000013C /* ModelOutputMapper.swift */; };
		000000000000000000000231 /* CoreMLSleepEventDetector.swift in Sources */ = {isa = PBXBuildFile; fileRef = 00000000000000000000013D /* CoreMLSleepEventDetector.swift */; };
		000000000000000000000232 /* CompositeSleepEventDetector.swift in Sources */ = {isa = PBXBuildFile; fileRef = 00000000000000000000013E /* CompositeSleepEventDetector.swift */; };
		000000000000000000000233 /* SampleLabel.swift in Sources */ = {isa = PBXBuildFile; fileRef = 000000000000000000000142 /* SampleLabel.swift */; };
		000000000000000000000234 /* LabeledAudioSample.swift in Sources */ = {isa = PBXBuildFile; fileRef = 000000000000000000000143 /* LabeledAudioSample.swift */; };
		000000000000000000000235 /* SampleMetadataStore.swift in Sources */ = {isa = PBXBuildFile; fileRef = 000000000000000000000144 /* SampleMetadataStore.swift */; };
		000000000000000000000236 /* SampleCaptureView.swift in Sources */ = {isa = PBXBuildFile; fileRef = 000000000000000000000145 /* SampleCaptureView.swift */; };
		000000000000000000000237 /* AudioCaptureMetrics.swift in Sources */ = {isa = PBXBuildFile; fileRef = 000000000000000000000147 /* AudioCaptureMetrics.swift */; };
		000000000000000000000238 /* DebugSampleStoragePolicy.swift in Sources */ = {isa = PBXBuildFile; fileRef = 000000000000000000000149 /* DebugSampleStoragePolicy.swift */; };
		000000000000000000000239 /* EventAudioSnippetStore.swift in Sources */ = {isa = PBXBuildFile; fileRef = 00000000000000000000014C /* EventAudioSnippetStore.swift */; };
		00000000000000000000023A /* UserSettings.swift in Sources */ = {isa = PBXBuildFile; fileRef = 00000000000000000000014E /* UserSettings.swift */; };
		00000000000000000000023B /* EventAudioStorageStats.swift in Sources */ = {isa = PBXBuildFile; fileRef = 000000000000000000000150 /* EventAudioStorageStats.swift */; };
		00000000000000000000023C /* DetectorDiagnostics.swift in Sources */ = {isa = PBXBuildFile; fileRef = 000000000000000000000151 /* DetectorDiagnostics.swift */; };
		00000000000000000000023D /* DetectorThresholdConfiguration.swift in Sources */ = {isa = PBXBuildFile; fileRef = 000000000000000000000153 /* DetectorThresholdConfiguration.swift */; };
		00000000000000000000023E /* ZeroEventAnalysis.swift in Sources */ = {isa = PBXBuildFile; fileRef = 000000000000000000000154 /* ZeroEventAnalysis.swift */; };
		00000000000000000000023F /* DetectorTuningView.swift in Sources */ = {isa = PBXBuildFile; fileRef = 000000000000000000000155 /* DetectorTuningView.swift */; };
		000000000000000000000253 /* BreathingActivityEstimator.swift in Sources */ = {isa = PBXBuildFile; fileRef = 000000000000000000000170 /* BreathingActivityEstimator.swift */; };
		000000000000000000000254 /* SuspectedBreathingPauseSequenceDetector.swift in Sources */ = {isa = PBXBuildFile; fileRef = 000000000000000000000171 /* SuspectedBreathingPauseSequenceDetector.swift */; };
		000000000000000000000255 /* TrendAnalytics.swift in Sources */ = {isa = PBXBuildFile; fileRef = 000000000000000000000172 /* TrendAnalytics.swift */; };
		000000000000000000000256 /* TrendDashboardView.swift in Sources */ = {isa = PBXBuildFile; fileRef = 000000000000000000000173 /* TrendDashboardView.swift */; };
		000000000000000000000257 /* CalibrationService.swift in Sources */ = {isa = PBXBuildFile; fileRef = 000000000000000000000175 /* CalibrationService.swift */; };
		000000000000000000000258 /* OnboardingView.swift in Sources */ = {isa = PBXBuildFile; fileRef = 000000000000000000000176 /* OnboardingView.swift */; };
		000000000000000000000259 /* CalibrationView.swift in Sources */ = {isa = PBXBuildFile; fileRef = 000000000000000000000177 /* CalibrationView.swift */; };
		00000000000000000000025A /* HealthMetricChartData.swift in Sources */ = {isa = PBXBuildFile; fileRef = 00000000000000000000017A /* HealthMetricChartData.swift */; };
		00000000000000000000025B /* MockHealthKitService.swift in Sources */ = {isa = PBXBuildFile; fileRef = 00000000000000000000017B /* MockHealthKitService.swift */; };
		00000000000000000000025C /* HealthDashboardView.swift in Sources */ = {isa = PBXBuildFile; fileRef = 00000000000000000000017C /* HealthDashboardView.swift */; };
		00000000000000000000025D /* HealthMetricChartView.swift in Sources */ = {isa = PBXBuildFile; fileRef = 00000000000000000000017D /* HealthMetricChartView.swift */; };
		00000000000000000000025E /* HealthKitService.swift in Sources */ = {isa = PBXBuildFile; fileRef = 00000000000000000000017F /* HealthKitService.swift */; };
		00000000000000000000025F /* HealthMetricUnitConversion.swift in Sources */ = {isa = PBXBuildFile; fileRef = 000000000000000000000180 /* HealthMetricUnitConversion.swift */; };
		000000000000000000000260 /* HealthMetricTrendCalculator.swift in Sources */ = {isa = PBXBuildFile; fileRef = 000000000000000000000184 /* HealthMetricTrendCalculator.swift */; };
		000000000000000000000261 /* HealthDashboardSupport.swift in Sources */ = {isa = PBXBuildFile; fileRef = 000000000000000000000185 /* HealthDashboardSupport.swift */; };
		000000000000000000000262 /* BloodPressureDashboardView.swift in Sources */ = {isa = PBXBuildFile; fileRef = 000000000000000000000186 /* BloodPressureDashboardView.swift */; };
		000000000000000000000263 /* BodyCompositionDashboardView.swift in Sources */ = {isa = PBXBuildFile; fileRef = 000000000000000000000187 /* BodyCompositionDashboardView.swift */; };
		000000000000000000000240 /* NBColor.swift in Sources */ = {isa = PBXBuildFile; fileRef = 000000000000000000000159 /* NBColor.swift */; };
		000000000000000000000241 /* NBSpacing.swift in Sources */ = {isa = PBXBuildFile; fileRef = 00000000000000000000015A /* NBSpacing.swift */; };
		000000000000000000000242 /* NBTypography.swift in Sources */ = {isa = PBXBuildFile; fileRef = 00000000000000000000015B /* NBTypography.swift */; };
		000000000000000000000243 /* NBCornerRadius.swift in Sources */ = {isa = PBXBuildFile; fileRef = 00000000000000000000015C /* NBCornerRadius.swift */; };
		000000000000000000000244 /* NBShadow.swift in Sources */ = {isa = PBXBuildFile; fileRef = 00000000000000000000015D /* NBShadow.swift */; };
		000000000000000000000245 /* NBCard.swift in Sources */ = {isa = PBXBuildFile; fileRef = 00000000000000000000015E /* NBCard.swift */; };
		000000000000000000000246 /* NBButton.swift in Sources */ = {isa = PBXBuildFile; fileRef = 00000000000000000000015F /* NBButton.swift */; };
		000000000000000000000247 /* NBBadge.swift in Sources */ = {isa = PBXBuildFile; fileRef = 000000000000000000000160 /* NBBadge.swift */; };
		000000000000000000000248 /* NBListRow.swift in Sources */ = {isa = PBXBuildFile; fileRef = 000000000000000000000161 /* NBListRow.swift */; };
		000000000000000000000249 /* NBMetricCard.swift in Sources */ = {isa = PBXBuildFile; fileRef = 000000000000000000000162 /* NBMetricCard.swift */; };
		00000000000000000000024A /* NBTimelineRow.swift in Sources */ = {isa = PBXBuildFile; fileRef = 000000000000000000000163 /* NBTimelineRow.swift */; };
		00000000000000000000024B /* AudioSourceProtocol.swift in Sources */ = {isa = PBXBuildFile; fileRef = 000000000000000000000164 /* AudioSourceProtocol.swift */; };
		00000000000000000000024C /* RealMicrophoneAudioSource.swift in Sources */ = {isa = PBXBuildFile; fileRef = 000000000000000000000165 /* RealMicrophoneAudioSource.swift */; };
		00000000000000000000024D /* SyntheticAudioSource.swift in Sources */ = {isa = PBXBuildFile; fileRef = 000000000000000000000166 /* SyntheticAudioSource.swift */; };
		00000000000000000000024E /* DatasetReplayAudioSource.swift in Sources */ = {isa = PBXBuildFile; fileRef = 000000000000000000000167 /* DatasetReplayAudioSource.swift */; };
		00000000000000000000024F /* PublicDatasetManifest.swift in Sources */ = {isa = PBXBuildFile; fileRef = 000000000000000000000168 /* PublicDatasetManifest.swift */; };
		000000000000000000000250 /* DatasetReplayView.swift in Sources */ = {isa = PBXBuildFile; fileRef = 000000000000000000000169 /* DatasetReplayView.swift */; };
		000000000000000000000251 /* SimulatorQAScenario.swift in Sources */ = {isa = PBXBuildFile; fileRef = 00000000000000000000016D /* SimulatorQAScenario.swift */; };
		000000000000000000000252 /* SimulatorScenarioView.swift in Sources */ = {isa = PBXBuildFile; fileRef = 00000000000000000000016E /* SimulatorScenarioView.swift */; };
/* End PBXBuildFile section */

/* Begin PBXFileReference section */
		000000000000000000000004 /* SleepSoundApp.app */ = {isa = PBXFileReference; explicitFileType = wrapper.application; includeInIndex = 0; path = SleepSoundApp.app; sourceTree = BUILT_PRODUCTS_DIR; };
		000000000000000000000101 /* AppState.swift */ = {isa = PBXFileReference; lastKnownFileType = sourcecode.swift; path = AppState.swift; sourceTree = "<group>"; };
		000000000000000000000102 /* Formatting.swift */ = {isa = PBXFileReference; lastKnownFileType = sourcecode.swift; path = Formatting.swift; sourceTree = "<group>"; };
		000000000000000000000103 /* SleepSoundApp.swift */ = {isa = PBXFileReference; lastKnownFileType = sourcecode.swift; path = SleepSoundApp.swift; sourceTree = "<group>"; };
		000000000000000000000104 /* AudioFeatureExtractor.swift */ = {isa = PBXFileReference; lastKnownFileType = sourcecode.swift; path = AudioFeatureExtractor.swift; sourceTree = "<group>"; };
		000000000000000000000105 /* DetectorOutput.swift */ = {isa = PBXFileReference; lastKnownFileType = sourcecode.swift; path = DetectorOutput.swift; sourceTree = "<group>"; };
		000000000000000000000106 /* RuleBasedSleepEventDetector.swift */ = {isa = PBXFileReference; lastKnownFileType = sourcecode.swift; path = RuleBasedSleepEventDetector.swift; sourceTree = "<group>"; };
		000000000000000000000107 /* SleepAnalyzer.swift */ = {isa = PBXFileReference; lastKnownFileType = sourcecode.swift; path = SleepAnalyzer.swift; sourceTree = "<group>"; };
		000000000000000000000108 /* SleepEventAggregator.swift */ = {isa = PBXFileReference; lastKnownFileType = sourcecode.swift; path = SleepEventAggregator.swift; sourceTree = "<group>"; };
		000000000000000000000109 /* SleepScoreCalculator.swift */ = {isa = PBXFileReference; lastKnownFileType = sourcecode.swift; path = SleepScoreCalculator.swift; sourceTree = "<group>"; };
		00000000000000000000010A /* AudioCaptureService.swift */ = {isa = PBXFileReference; lastKnownFileType = sourcecode.swift; path = AudioCaptureService.swift; sourceTree = "<group>"; };
		00000000000000000000010B /* AudioChunk.swift */ = {isa = PBXFileReference; lastKnownFileType = sourcecode.swift; path = AudioChunk.swift; sourceTree = "<group>"; };
		00000000000000000000010C /* AudioRingBuffer.swift */ = {isa = PBXFileReference; lastKnownFileType = sourcecode.swift; path = AudioRingBuffer.swift; sourceTree = "<group>"; };
		00000000000000000000010D /* AudioSessionManager.swift */ = {isa = PBXFileReference; lastKnownFileType = sourcecode.swift; path = AudioSessionManager.swift; sourceTree = "<group>"; };
		00000000000000000000010E /* HealthDashboardPlaceholder.swift */ = {isa = PBXFileReference; lastKnownFileType = sourcecode.swift; path = HealthDashboardPlaceholder.swift; sourceTree = "<group>"; };
		00000000000000000000010F /* HealthKitServiceProtocol.swift */ = {isa = PBXFileReference; lastKnownFileType = sourcecode.swift; path = HealthKitServiceProtocol.swift; sourceTree = "<group>"; };
		000000000000000000000110 /* HealthMetricType.swift */ = {isa = PBXFileReference; lastKnownFileType = sourcecode.swift; path = HealthMetricType.swift; sourceTree = "<group>"; };
		000000000000000000000111 /* HealthMetricSample.swift */ = {isa = PBXFileReference; lastKnownFileType = sourcecode.swift; path = HealthMetricSample.swift; sourceTree = "<group>"; };
		000000000000000000000112 /* MockSleepDataFactory.swift */ = {isa = PBXFileReference; lastKnownFileType = sourcecode.swift; path = MockSleepDataFactory.swift; sourceTree = "<group>"; };
		000000000000000000000113 /* MorningCheckIn.swift */ = {isa = PBXFileReference; lastKnownFileType = sourcecode.swift; path = MorningCheckIn.swift; sourceTree = "<group>"; };
		000000000000000000000114 /* NightReport.swift */ = {isa = PBXFileReference; lastKnownFileType = sourcecode.swift; path = NightReport.swift; sourceTree = "<group>"; };
		000000000000000000000115 /* SleepEvent.swift */ = {isa = PBXFileReference; lastKnownFileType = sourcecode.swift; path = SleepEvent.swift; sourceTree = "<group>"; };
		000000000000000000000116 /* SleepSession.swift */ = {isa = PBXFileReference; lastKnownFileType = sourcecode.swift; path = SleepSession.swift; sourceTree = "<group>"; };
		000000000000000000000119 /* AudioRetentionPolicy.swift */ = {isa = PBXFileReference; lastKnownFileType = sourcecode.swift; path = AudioRetentionPolicy.swift; sourceTree = "<group>"; };
		00000000000000000000011A /* PrivacyPolicyModel.swift */ = {isa = PBXFileReference; lastKnownFileType = sourcecode.swift; path = PrivacyPolicyModel.swift; sourceTree = "<group>"; };
		00000000000000000000011B /* LocalDataStore.swift */ = {isa = PBXFileReference; lastKnownFileType = sourcecode.swift; path = LocalDataStore.swift; sourceTree = "<group>"; };
		00000000000000000000011C /* SleepRepository.swift */ = {isa = PBXFileReference; lastKnownFileType = sourcecode.swift; path = SleepRepository.swift; sourceTree = "<group>"; };
		00000000000000000000011D /* HomeDashboardView.swift */ = {isa = PBXFileReference; lastKnownFileType = sourcecode.swift; path = HomeDashboardView.swift; sourceTree = "<group>"; };
		00000000000000000000011E /* TrendChartView.swift */ = {isa = PBXFileReference; lastKnownFileType = sourcecode.swift; path = TrendChartView.swift; sourceTree = "<group>"; };
		00000000000000000000011F /* DevicePlacementGuideView.swift */ = {isa = PBXFileReference; lastKnownFileType = sourcecode.swift; path = DevicePlacementGuideView.swift; sourceTree = "<group>"; };
		000000000000000000000120 /* PrivacySettingsView.swift */ = {isa = PBXFileReference; lastKnownFileType = sourcecode.swift; path = PrivacySettingsView.swift; sourceTree = "<group>"; };
		000000000000000000000121 /* MorningCheckInView.swift */ = {isa = PBXFileReference; lastKnownFileType = sourcecode.swift; path = MorningCheckInView.swift; sourceTree = "<group>"; };
		000000000000000000000122 /* SleepEventStyle.swift */ = {isa = PBXFileReference; lastKnownFileType = sourcecode.swift; path = SleepEventStyle.swift; sourceTree = "<group>"; };
		000000000000000000000123 /* SleepRecordingView.swift */ = {isa = PBXFileReference; lastKnownFileType = sourcecode.swift; path = SleepRecordingView.swift; sourceTree = "<group>"; };
		000000000000000000000124 /* SleepReportView.swift */ = {isa = PBXFileReference; lastKnownFileType = sourcecode.swift; path = SleepReportView.swift; sourceTree = "<group>"; };
		000000000000000000000125 /* SleepStartView.swift */ = {isa = PBXFileReference; lastKnownFileType = sourcecode.swift; path = SleepStartView.swift; sourceTree = "<group>"; };
		000000000000000000000126 /* SleepTimelineView.swift */ = {isa = PBXFileReference; lastKnownFileType = sourcecode.swift; path = SleepTimelineView.swift; sourceTree = "<group>"; };
		000000000000000000000127 /* Package.swift */ = {isa = PBXFileReference; lastKnownFileType = sourcecode.swift; path = Package.swift; sourceTree = "<group>"; };
		000000000000000000000128 /* SleepScoreCalculatorTests.swift */ = {isa = PBXFileReference; lastKnownFileType = sourcecode.swift; path = SleepScoreCalculatorTests.swift; sourceTree = "<group>"; };
		000000000000000000000129 /* SleepEventAggregatorTests.swift */ = {isa = PBXFileReference; lastKnownFileType = sourcecode.swift; path = SleepEventAggregatorTests.swift; sourceTree = "<group>"; };
		00000000000000000000012A /* AudioCaptureState.swift */ = {isa = PBXFileReference; lastKnownFileType = sourcecode.swift; path = AudioCaptureState.swift; sourceTree = "<group>"; };
		00000000000000000000012B /* AudioCaptureServiceProtocol.swift */ = {isa = PBXFileReference; lastKnownFileType = sourcecode.swift; path = AudioCaptureServiceProtocol.swift; sourceTree = "<group>"; };
		00000000000000000000012C /* AudioRingBufferTests.swift */ = {isa = PBXFileReference; lastKnownFileType = sourcecode.swift; path = AudioRingBufferTests.swift; sourceTree = "<group>"; };
		00000000000000000000012D /* SleepEventDetector.swift */ = {isa = PBXFileReference; lastKnownFileType = sourcecode.swift; path = SleepEventDetector.swift; sourceTree = "<group>"; };
		00000000000000000000012E /* AudioFeatures.swift */ = {isa = PBXFileReference; lastKnownFileType = sourcecode.swift; path = AudioFeatures.swift; sourceTree = "<group>"; };
		00000000000000000000012F /* DetectionSmoothingPolicy.swift */ = {isa = PBXFileReference; lastKnownFileType = sourcecode.swift; path = DetectionSmoothingPolicy.swift; sourceTree = "<group>"; };
		000000000000000000000130 /* AudioFeatureExtractorTests.swift */ = {isa = PBXFileReference; lastKnownFileType = sourcecode.swift; path = AudioFeatureExtractorTests.swift; sourceTree = "<group>"; };
		000000000000000000000131 /* RuleBasedSleepEventDetectorTests.swift */ = {isa = PBXFileReference; lastKnownFileType = sourcecode.swift; path = RuleBasedSleepEventDetectorTests.swift; sourceTree = "<group>"; };
		000000000000000000000132 /* DetectionSmoothingPolicyTests.swift */ = {isa = PBXFileReference; lastKnownFileType = sourcecode.swift; path = DetectionSmoothingPolicyTests.swift; sourceTree = "<group>"; };
		000000000000000000000133 /* SleepAnalysisPipelineTests.swift */ = {isa = PBXFileReference; lastKnownFileType = sourcecode.swift; path = SleepAnalysisPipelineTests.swift; sourceTree = "<group>"; };
		000000000000000000000134 /* SleepRepositoryTests.swift */ = {isa = PBXFileReference; lastKnownFileType = sourcecode.swift; path = SleepRepositoryTests.swift; sourceTree = "<group>"; };
		000000000000000000000135 /* AudioDebugView.swift */ = {isa = PBXFileReference; lastKnownFileType = sourcecode.swift; path = AudioDebugView.swift; sourceTree = "<group>"; };
		000000000000000000000136 /* FeatureCSVExporter.swift */ = {isa = PBXFileReference; lastKnownFileType = sourcecode.swift; path = FeatureCSVExporter.swift; sourceTree = "<group>"; };
		000000000000000000000137 /* RuleBasedDetectorValidationTests.swift */ = {isa = PBXFileReference; lastKnownFileType = sourcecode.swift; path = RuleBasedDetectorValidationTests.swift; sourceTree = "<group>"; };
		000000000000000000000138 /* SleepDetectionBackend.swift */ = {isa = PBXFileReference; lastKnownFileType = sourcecode.swift; path = SleepDetectionBackend.swift; sourceTree = "<group>"; };
		000000000000000000000139 /* CoreMLDetectorConfiguration.swift */ = {isa = PBXFileReference; lastKnownFileType = sourcecode.swift; path = CoreMLDetectorConfiguration.swift; sourceTree = "<group>"; };
		00000000000000000000013A /* ModelInputAdapter.swift */ = {isa = PBXFileReference; lastKnownFileType = sourcecode.swift; path = ModelInputAdapter.swift; sourceTree = "<group>"; };
		00000000000000000000013B /* MLModelProvider.swift */ = {isa = PBXFileReference; lastKnownFileType = sourcecode.swift; path = MLModelProvider.swift; sourceTree = "<group>"; };
		00000000000000000000013C /* ModelOutputMapper.swift */ = {isa = PBXFileReference; lastKnownFileType = sourcecode.swift; path = ModelOutputMapper.swift; sourceTree = "<group>"; };
		00000000000000000000013D /* CoreMLSleepEventDetector.swift */ = {isa = PBXFileReference; lastKnownFileType = sourcecode.swift; path = CoreMLSleepEventDetector.swift; sourceTree = "<group>"; };
		00000000000000000000013E /* CompositeSleepEventDetector.swift */ = {isa = PBXFileReference; lastKnownFileType = sourcecode.swift; path = CompositeSleepEventDetector.swift; sourceTree = "<group>"; };
		00000000000000000000013F /* ModelOutputMapperTests.swift */ = {isa = PBXFileReference; lastKnownFileType = sourcecode.swift; path = ModelOutputMapperTests.swift; sourceTree = "<group>"; };
		000000000000000000000140 /* CoreMLSleepEventDetectorTests.swift */ = {isa = PBXFileReference; lastKnownFileType = sourcecode.swift; path = CoreMLSleepEventDetectorTests.swift; sourceTree = "<group>"; };
		000000000000000000000141 /* CompositeSleepEventDetectorTests.swift */ = {isa = PBXFileReference; lastKnownFileType = sourcecode.swift; path = CompositeSleepEventDetectorTests.swift; sourceTree = "<group>"; };
		000000000000000000000142 /* SampleLabel.swift */ = {isa = PBXFileReference; lastKnownFileType = sourcecode.swift; path = SampleLabel.swift; sourceTree = "<group>"; };
		000000000000000000000143 /* LabeledAudioSample.swift */ = {isa = PBXFileReference; lastKnownFileType = sourcecode.swift; path = LabeledAudioSample.swift; sourceTree = "<group>"; };
		000000000000000000000144 /* SampleMetadataStore.swift */ = {isa = PBXFileReference; lastKnownFileType = sourcecode.swift; path = SampleMetadataStore.swift; sourceTree = "<group>"; };
		000000000000000000000145 /* SampleCaptureView.swift */ = {isa = PBXFileReference; lastKnownFileType = sourcecode.swift; path = SampleCaptureView.swift; sourceTree = "<group>"; };
		000000000000000000000146 /* SampleMetadataStoreTests.swift */ = {isa = PBXFileReference; lastKnownFileType = sourcecode.swift; path = SampleMetadataStoreTests.swift; sourceTree = "<group>"; };
		000000000000000000000147 /* AudioCaptureMetrics.swift */ = {isa = PBXFileReference; lastKnownFileType = sourcecode.swift; path = AudioCaptureMetrics.swift; sourceTree = "<group>"; };
		000000000000000000000148 /* AudioCaptureMetricsTests.swift */ = {isa = PBXFileReference; lastKnownFileType = sourcecode.swift; path = AudioCaptureMetricsTests.swift; sourceTree = "<group>"; };
		000000000000000000000149 /* DebugSampleStoragePolicy.swift */ = {isa = PBXFileReference; lastKnownFileType = sourcecode.swift; path = DebugSampleStoragePolicy.swift; sourceTree = "<group>"; };
		00000000000000000000014A /* DebugSampleStoragePolicyTests.swift */ = {isa = PBXFileReference; lastKnownFileType = sourcecode.swift; path = DebugSampleStoragePolicyTests.swift; sourceTree = "<group>"; };
		00000000000000000000014B /* Info.plist */ = {isa = PBXFileReference; lastKnownFileType = text.plist.xml; path = Info.plist; sourceTree = "<group>"; };
		00000000000000000000014C /* EventAudioSnippetStore.swift */ = {isa = PBXFileReference; lastKnownFileType = sourcecode.swift; path = EventAudioSnippetStore.swift; sourceTree = "<group>"; };
		00000000000000000000014D /* EventAudioSnippetStoreTests.swift */ = {isa = PBXFileReference; lastKnownFileType = sourcecode.swift; path = EventAudioSnippetStoreTests.swift; sourceTree = "<group>"; };
		00000000000000000000014E /* UserSettings.swift */ = {isa = PBXFileReference; lastKnownFileType = sourcecode.swift; path = UserSettings.swift; sourceTree = "<group>"; };
		00000000000000000000014F /* UserSettingsTests.swift */ = {isa = PBXFileReference; lastKnownFileType = sourcecode.swift; path = UserSettingsTests.swift; sourceTree = "<group>"; };
		000000000000000000000150 /* EventAudioStorageStats.swift */ = {isa = PBXFileReference; lastKnownFileType = sourcecode.swift; path = EventAudioStorageStats.swift; sourceTree = "<group>"; };
		000000000000000000000151 /* DetectorDiagnostics.swift */ = {isa = PBXFileReference; lastKnownFileType = sourcecode.swift; path = DetectorDiagnostics.swift; sourceTree = "<group>"; };
		000000000000000000000152 /* DetectorDiagnosticsCollectorTests.swift */ = {isa = PBXFileReference; lastKnownFileType = sourcecode.swift; path = DetectorDiagnosticsCollectorTests.swift; sourceTree = "<group>"; };
		000000000000000000000153 /* DetectorThresholdConfiguration.swift */ = {isa = PBXFileReference; lastKnownFileType = sourcecode.swift; path = DetectorThresholdConfiguration.swift; sourceTree = "<group>"; };
		000000000000000000000154 /* ZeroEventAnalysis.swift */ = {isa = PBXFileReference; lastKnownFileType = sourcecode.swift; path = ZeroEventAnalysis.swift; sourceTree = "<group>"; };
		000000000000000000000155 /* DetectorTuningView.swift */ = {isa = PBXFileReference; lastKnownFileType = sourcecode.swift; path = DetectorTuningView.swift; sourceTree = "<group>"; };
		000000000000000000000156 /* DetectorTuningProfileTests.swift */ = {isa = PBXFileReference; lastKnownFileType = sourcecode.swift; path = DetectorTuningProfileTests.swift; sourceTree = "<group>"; };
		000000000000000000000157 /* DetectorThresholdConfigurationTests.swift */ = {isa = PBXFileReference; lastKnownFileType = sourcecode.swift; path = DetectorThresholdConfigurationTests.swift; sourceTree = "<group>"; };
		000000000000000000000158 /* ZeroEventAnalysisTests.swift */ = {isa = PBXFileReference; lastKnownFileType = sourcecode.swift; path = ZeroEventAnalysisTests.swift; sourceTree = "<group>"; };
		000000000000000000000159 /* NBColor.swift */ = {isa = PBXFileReference; lastKnownFileType = sourcecode.swift; path = NBColor.swift; sourceTree = "<group>"; };
		00000000000000000000015A /* NBSpacing.swift */ = {isa = PBXFileReference; lastKnownFileType = sourcecode.swift; path = NBSpacing.swift; sourceTree = "<group>"; };
		00000000000000000000015B /* NBTypography.swift */ = {isa = PBXFileReference; lastKnownFileType = sourcecode.swift; path = NBTypography.swift; sourceTree = "<group>"; };
		00000000000000000000015C /* NBCornerRadius.swift */ = {isa = PBXFileReference; lastKnownFileType = sourcecode.swift; path = NBCornerRadius.swift; sourceTree = "<group>"; };
		00000000000000000000015D /* NBShadow.swift */ = {isa = PBXFileReference; lastKnownFileType = sourcecode.swift; path = NBShadow.swift; sourceTree = "<group>"; };
		00000000000000000000015E /* NBCard.swift */ = {isa = PBXFileReference; lastKnownFileType = sourcecode.swift; path = NBCard.swift; sourceTree = "<group>"; };
		00000000000000000000015F /* NBButton.swift */ = {isa = PBXFileReference; lastKnownFileType = sourcecode.swift; path = NBButton.swift; sourceTree = "<group>"; };
		000000000000000000000160 /* NBBadge.swift */ = {isa = PBXFileReference; lastKnownFileType = sourcecode.swift; path = NBBadge.swift; sourceTree = "<group>"; };
		000000000000000000000161 /* NBListRow.swift */ = {isa = PBXFileReference; lastKnownFileType = sourcecode.swift; path = NBListRow.swift; sourceTree = "<group>"; };
		000000000000000000000162 /* NBMetricCard.swift */ = {isa = PBXFileReference; lastKnownFileType = sourcecode.swift; path = NBMetricCard.swift; sourceTree = "<group>"; };
		000000000000000000000163 /* NBTimelineRow.swift */ = {isa = PBXFileReference; lastKnownFileType = sourcecode.swift; path = NBTimelineRow.swift; sourceTree = "<group>"; };
		000000000000000000000164 /* AudioSourceProtocol.swift */ = {isa = PBXFileReference; lastKnownFileType = sourcecode.swift; path = AudioSourceProtocol.swift; sourceTree = "<group>"; };
		000000000000000000000165 /* RealMicrophoneAudioSource.swift */ = {isa = PBXFileReference; lastKnownFileType = sourcecode.swift; path = RealMicrophoneAudioSource.swift; sourceTree = "<group>"; };
		000000000000000000000166 /* SyntheticAudioSource.swift */ = {isa = PBXFileReference; lastKnownFileType = sourcecode.swift; path = SyntheticAudioSource.swift; sourceTree = "<group>"; };
		000000000000000000000167 /* DatasetReplayAudioSource.swift */ = {isa = PBXFileReference; lastKnownFileType = sourcecode.swift; path = DatasetReplayAudioSource.swift; sourceTree = "<group>"; };
		000000000000000000000168 /* PublicDatasetManifest.swift */ = {isa = PBXFileReference; lastKnownFileType = sourcecode.swift; path = PublicDatasetManifest.swift; sourceTree = "<group>"; };
		000000000000000000000169 /* DatasetReplayView.swift */ = {isa = PBXFileReference; lastKnownFileType = sourcecode.swift; path = DatasetReplayView.swift; sourceTree = "<group>"; };
		00000000000000000000016A /* SyntheticAudioSourceTests.swift */ = {isa = PBXFileReference; lastKnownFileType = sourcecode.swift; path = SyntheticAudioSourceTests.swift; sourceTree = "<group>"; };
		00000000000000000000016B /* DatasetReplayAudioSourceTests.swift */ = {isa = PBXFileReference; lastKnownFileType = sourcecode.swift; path = DatasetReplayAudioSourceTests.swift; sourceTree = "<group>"; };
		00000000000000000000016C /* AudioSourceProtocolTests.swift */ = {isa = PBXFileReference; lastKnownFileType = sourcecode.swift; path = AudioSourceProtocolTests.swift; sourceTree = "<group>"; };
		00000000000000000000016D /* SimulatorQAScenario.swift */ = {isa = PBXFileReference; lastKnownFileType = sourcecode.swift; path = SimulatorQAScenario.swift; sourceTree = "<group>"; };
		00000000000000000000016E /* SimulatorScenarioView.swift */ = {isa = PBXFileReference; lastKnownFileType = sourcecode.swift; path = SimulatorScenarioView.swift; sourceTree = "<group>"; };
		00000000000000000000016F /* SimulatorQAScenarioTests.swift */ = {isa = PBXFileReference; lastKnownFileType = sourcecode.swift; path = SimulatorQAScenarioTests.swift; sourceTree = "<group>"; };
		000000000000000000000170 /* BreathingActivityEstimator.swift */ = {isa = PBXFileReference; lastKnownFileType = sourcecode.swift; path = BreathingActivityEstimator.swift; sourceTree = "<group>"; };
		000000000000000000000171 /* SuspectedBreathingPauseSequenceDetector.swift */ = {isa = PBXFileReference; lastKnownFileType = sourcecode.swift; path = SuspectedBreathingPauseSequenceDetector.swift; sourceTree = "<group>"; };
		000000000000000000000172 /* TrendAnalytics.swift */ = {isa = PBXFileReference; lastKnownFileType = sourcecode.swift; path = TrendAnalytics.swift; sourceTree = "<group>"; };
		000000000000000000000173 /* TrendDashboardView.swift */ = {isa = PBXFileReference; lastKnownFileType = sourcecode.swift; path = TrendDashboardView.swift; sourceTree = "<group>"; };
		000000000000000000000174 /* TrendAggregatorTests.swift */ = {isa = PBXFileReference; lastKnownFileType = sourcecode.swift; path = TrendAggregatorTests.swift; sourceTree = "<group>"; };
		000000000000000000000175 /* CalibrationService.swift */ = {isa = PBXFileReference; lastKnownFileType = sourcecode.swift; path = CalibrationService.swift; sourceTree = "<group>"; };
		000000000000000000000176 /* OnboardingView.swift */ = {isa = PBXFileReference; lastKnownFileType = sourcecode.swift; path = OnboardingView.swift; sourceTree = "<group>"; };
		000000000000000000000177 /* CalibrationView.swift */ = {isa = PBXFileReference; lastKnownFileType = sourcecode.swift; path = CalibrationView.swift; sourceTree = "<group>"; };
		000000000000000000000178 /* CalibrationServiceTests.swift */ = {isa = PBXFileReference; lastKnownFileType = sourcecode.swift; path = CalibrationServiceTests.swift; sourceTree = "<group>"; };
		000000000000000000000179 /* OnboardingCopyTests.swift */ = {isa = PBXFileReference; lastKnownFileType = sourcecode.swift; path = OnboardingCopyTests.swift; sourceTree = "<group>"; };
		00000000000000000000017A /* HealthMetricChartData.swift */ = {isa = PBXFileReference; lastKnownFileType = sourcecode.swift; path = HealthMetricChartData.swift; sourceTree = "<group>"; };
		00000000000000000000017B /* MockHealthKitService.swift */ = {isa = PBXFileReference; lastKnownFileType = sourcecode.swift; path = MockHealthKitService.swift; sourceTree = "<group>"; };
		00000000000000000000017C /* HealthDashboardView.swift */ = {isa = PBXFileReference; lastKnownFileType = sourcecode.swift; path = HealthDashboardView.swift; sourceTree = "<group>"; };
		00000000000000000000017D /* HealthMetricChartView.swift */ = {isa = PBXFileReference; lastKnownFileType = sourcecode.swift; path = HealthMetricChartView.swift; sourceTree = "<group>"; };
		00000000000000000000017E /* MockHealthKitServiceTests.swift */ = {isa = PBXFileReference; lastKnownFileType = sourcecode.swift; path = MockHealthKitServiceTests.swift; sourceTree = "<group>"; };
		00000000000000000000017F /* HealthKitService.swift */ = {isa = PBXFileReference; lastKnownFileType = sourcecode.swift; path = HealthKitService.swift; sourceTree = "<group>"; };
		000000000000000000000180 /* HealthMetricUnitConversion.swift */ = {isa = PBXFileReference; lastKnownFileType = sourcecode.swift; path = HealthMetricUnitConversion.swift; sourceTree = "<group>"; };
		000000000000000000000181 /* SleepSoundApp.entitlements */ = {isa = PBXFileReference; lastKnownFileType = text.plist.entitlements; path = SleepSoundApp.entitlements; sourceTree = "<group>"; };
		000000000000000000000182 /* HealthMetricUnitConversionTests.swift */ = {isa = PBXFileReference; lastKnownFileType = sourcecode.swift; path = HealthMetricUnitConversionTests.swift; sourceTree = "<group>"; };
		000000000000000000000183 /* HealthKitReadOnlyPolicyTests.swift */ = {isa = PBXFileReference; lastKnownFileType = sourcecode.swift; path = HealthKitReadOnlyPolicyTests.swift; sourceTree = "<group>"; };
		000000000000000000000184 /* HealthMetricTrendCalculator.swift */ = {isa = PBXFileReference; lastKnownFileType = sourcecode.swift; path = HealthMetricTrendCalculator.swift; sourceTree = "<group>"; };
		000000000000000000000185 /* HealthDashboardSupport.swift */ = {isa = PBXFileReference; lastKnownFileType = sourcecode.swift; path = HealthDashboardSupport.swift; sourceTree = "<group>"; };
		000000000000000000000186 /* BloodPressureDashboardView.swift */ = {isa = PBXFileReference; lastKnownFileType = sourcecode.swift; path = BloodPressureDashboardView.swift; sourceTree = "<group>"; };
		000000000000000000000187 /* BodyCompositionDashboardView.swift */ = {isa = PBXFileReference; lastKnownFileType = sourcecode.swift; path = BodyCompositionDashboardView.swift; sourceTree = "<group>"; };
		000000000000000000000188 /* HealthMetricTrendCalculatorTests.swift */ = {isa = PBXFileReference; lastKnownFileType = sourcecode.swift; path = HealthMetricTrendCalculatorTests.swift; sourceTree = "<group>"; };
/* End PBXFileReference section */

/* Begin PBXFrameworksBuildPhase section */
		000000000000000000000006 /* Frameworks */ = {
			isa = PBXFrameworksBuildPhase;
			buildActionMask = 2147483647;
			files = (
			);
			runOnlyForDeploymentPostprocessing = 0;
		};
/* End PBXFrameworksBuildPhase section */

/* Begin PBXGroup section */
		000000000000000000000001 = {
			isa = PBXGroup;
			children = (
				00000000000000000000000F /* SleepSoundApp */,
				00000000000000000000001C /* Tests */,
				000000000000000000000127 /* Package.swift */,
				00000000000000000000000E /* Products */,
			);
			sourceTree = "<group>";
		};
		00000000000000000000000E /* Products */ = {
			isa = PBXGroup;
			children = (
				000000000000000000000004 /* SleepSoundApp.app */,
			);
			name = Products;
			sourceTree = "<group>";
		};
		00000000000000000000000F /* SleepSoundApp */ = {
			isa = PBXGroup;
			children = (
				000000000000000000000010 /* App */,
				000000000000000000000011 /* Features */,
				000000000000000000000012 /* Core */,
			);
			path = SleepSoundApp;
			sourceTree = "<group>";
		};
		000000000000000000000010 /* App */ = {
			isa = PBXGroup;
			children = (
				000000000000000000000103 /* SleepSoundApp.swift */,
				000000000000000000000101 /* AppState.swift */,
				000000000000000000000102 /* Formatting.swift */,
				00000000000000000000014B /* Info.plist */,
				000000000000000000000181 /* SleepSoundApp.entitlements */,
			);
			path = App;
			sourceTree = "<group>";
		};
		000000000000000000000011 /* Features */ = {
			isa = PBXGroup;
			children = (
				00000000000000000000001E /* Onboarding */,
				000000000000000000000013 /* Sleep */,
				000000000000000000000014 /* Dashboard */,
				000000000000000000000015 /* Settings */,
			);
			path = Features;
			sourceTree = "<group>";
		};
		00000000000000000000001E /* Onboarding */ = {
			isa = PBXGroup;
			children = (
				000000000000000000000176 /* OnboardingView.swift */,
				000000000000000000000177 /* CalibrationView.swift */,
			);
			path = Onboarding;
			sourceTree = "<group>";
		};
		000000000000000000000012 /* Core */ = {
			isa = PBXGroup;
			children = (
				000000000000000000000017 /* Audio */,
				000000000000000000000016 /* Analysis */,
				000000000000000000000018 /* Models */,
				000000000000000000000019 /* Storage */,
				00000000000000000000001A /* Privacy */,
				00000000000000000000001B /* FutureHealth */,
				00000000000000000000001D /* Design */,
			);
			path = Core;
			sourceTree = "<group>";
		};
		000000000000000000000013 /* Sleep */ = {
			isa = PBXGroup;
			children = (
				000000000000000000000125 /* SleepStartView.swift */,
				000000000000000000000123 /* SleepRecordingView.swift */,
				000000000000000000000124 /* SleepReportView.swift */,
				000000000000000000000126 /* SleepTimelineView.swift */,
				000000000000000000000121 /* MorningCheckInView.swift */,
				000000000000000000000122 /* SleepEventStyle.swift */,
			);
			path = Sleep;
			sourceTree = "<group>";
		};
		000000000000000000000014 /* Dashboard */ = {
			isa = PBXGroup;
			children = (
				00000000000000000000011D /* HomeDashboardView.swift */,
				00000000000000000000011E /* TrendChartView.swift */,
				000000000000000000000173 /* TrendDashboardView.swift */,
				00000000000000000000017C /* HealthDashboardView.swift */,
				000000000000000000000185 /* HealthDashboardSupport.swift */,
				000000000000000000000186 /* BloodPressureDashboardView.swift */,
				000000000000000000000187 /* BodyCompositionDashboardView.swift */,
				00000000000000000000017D /* HealthMetricChartView.swift */,
			);
			path = Dashboard;
			sourceTree = "<group>";
		};
		000000000000000000000015 /* Settings */ = {
			isa = PBXGroup;
			children = (
				000000000000000000000120 /* PrivacySettingsView.swift */,
				00000000000000000000011F /* DevicePlacementGuideView.swift */,
				000000000000000000000135 /* AudioDebugView.swift */,
				000000000000000000000145 /* SampleCaptureView.swift */,
				000000000000000000000155 /* DetectorTuningView.swift */,
				000000000000000000000169 /* DatasetReplayView.swift */,
				00000000000000000000016E /* SimulatorScenarioView.swift */,
			);
			path = Settings;
			sourceTree = "<group>";
		};
		000000000000000000000016 /* Analysis */ = {
			isa = PBXGroup;
			children = (
				000000000000000000000107 /* SleepAnalyzer.swift */,
				00000000000000000000012D /* SleepEventDetector.swift */,
				000000000000000000000138 /* SleepDetectionBackend.swift */,
				000000000000000000000151 /* DetectorDiagnostics.swift */,
				000000000000000000000153 /* DetectorThresholdConfiguration.swift */,
				000000000000000000000154 /* ZeroEventAnalysis.swift */,
				00000000000000000000012F /* DetectionSmoothingPolicy.swift */,
				000000000000000000000170 /* BreathingActivityEstimator.swift */,
				000000000000000000000171 /* SuspectedBreathingPauseSequenceDetector.swift */,
				000000000000000000000172 /* TrendAnalytics.swift */,
				00000000000000000000012E /* AudioFeatures.swift */,
				000000000000000000000104 /* AudioFeatureExtractor.swift */,
				000000000000000000000136 /* FeatureCSVExporter.swift */,
				000000000000000000000106 /* RuleBasedSleepEventDetector.swift */,
				000000000000000000000139 /* CoreMLDetectorConfiguration.swift */,
				00000000000000000000013A /* ModelInputAdapter.swift */,
				00000000000000000000013B /* MLModelProvider.swift */,
				00000000000000000000013C /* ModelOutputMapper.swift */,
				00000000000000000000013D /* CoreMLSleepEventDetector.swift */,
				00000000000000000000013E /* CompositeSleepEventDetector.swift */,
				000000000000000000000142 /* SampleLabel.swift */,
				000000000000000000000143 /* LabeledAudioSample.swift */,
				000000000000000000000144 /* SampleMetadataStore.swift */,
				000000000000000000000149 /* DebugSampleStoragePolicy.swift */,
				000000000000000000000108 /* SleepEventAggregator.swift */,
				000000000000000000000109 /* SleepScoreCalculator.swift */,
				000000000000000000000105 /* DetectorOutput.swift */,
			);
			path = Analysis;
			sourceTree = "<group>";
		};
		000000000000000000000017 /* Audio */ = {
			isa = PBXGroup;
			children = (
				00000000000000000000010A /* AudioCaptureService.swift */,
				00000000000000000000012B /* AudioCaptureServiceProtocol.swift */,
				00000000000000000000012A /* AudioCaptureState.swift */,
				000000000000000000000147 /* AudioCaptureMetrics.swift */,
				000000000000000000000175 /* CalibrationService.swift */,
				000000000000000000000164 /* AudioSourceProtocol.swift */,
				000000000000000000000165 /* RealMicrophoneAudioSource.swift */,
				000000000000000000000166 /* SyntheticAudioSource.swift */,
				000000000000000000000167 /* DatasetReplayAudioSource.swift */,
				00000000000000000000010D /* AudioSessionManager.swift */,
				00000000000000000000010C /* AudioRingBuffer.swift */,
				00000000000000000000010B /* AudioChunk.swift */,
			);
			path = Audio;
			sourceTree = "<group>";
		};
		000000000000000000000018 /* Models */ = {
			isa = PBXGroup;
			children = (
				000000000000000000000116 /* SleepSession.swift */,
				000000000000000000000115 /* SleepEvent.swift */,
				000000000000000000000114 /* NightReport.swift */,
				000000000000000000000113 /* MorningCheckIn.swift */,
				000000000000000000000111 /* HealthMetricSample.swift */,
				000000000000000000000168 /* PublicDatasetManifest.swift */,
				00000000000000000000016D /* SimulatorQAScenario.swift */,
				000000000000000000000112 /* MockSleepDataFactory.swift */,
			);
			path = Models;
			sourceTree = "<group>";
		};
		000000000000000000000019 /* Storage */ = {
			isa = PBXGroup;
			children = (
				00000000000000000000011B /* LocalDataStore.swift */,
				00000000000000000000011C /* SleepRepository.swift */,
				000000000000000000000150 /* EventAudioStorageStats.swift */,
				00000000000000000000014C /* EventAudioSnippetStore.swift */,
			);
			path = Storage;
			sourceTree = "<group>";
		};
		00000000000000000000001A /* Privacy */ = {
			isa = PBXGroup;
			children = (
				00000000000000000000011A /* PrivacyPolicyModel.swift */,
				000000000000000000000119 /* AudioRetentionPolicy.swift */,
				00000000000000000000014E /* UserSettings.swift */,
			);
			path = Privacy;
			sourceTree = "<group>";
		};
		00000000000000000000001B /* FutureHealth */ = {
			isa = PBXGroup;
			children = (
				000000000000000000000110 /* HealthMetricType.swift */,
				00000000000000000000010F /* HealthKitServiceProtocol.swift */,
				00000000000000000000017F /* HealthKitService.swift */,
				000000000000000000000180 /* HealthMetricUnitConversion.swift */,
				000000000000000000000184 /* HealthMetricTrendCalculator.swift */,
				00000000000000000000017B /* MockHealthKitService.swift */,
				00000000000000000000017A /* HealthMetricChartData.swift */,
				00000000000000000000010E /* HealthDashboardPlaceholder.swift */,
			);
			path = FutureHealth;
			sourceTree = "<group>";
		};
		00000000000000000000001D /* Design */ = {
			isa = PBXGroup;
			children = (
				000000000000000000000159 /* NBColor.swift */,
				00000000000000000000015A /* NBSpacing.swift */,
				00000000000000000000015B /* NBTypography.swift */,
				00000000000000000000015C /* NBCornerRadius.swift */,
				00000000000000000000015D /* NBShadow.swift */,
				00000000000000000000015E /* NBCard.swift */,
				00000000000000000000015F /* NBButton.swift */,
				000000000000000000000160 /* NBBadge.swift */,
				000000000000000000000161 /* NBListRow.swift */,
				000000000000000000000162 /* NBMetricCard.swift */,
				000000000000000000000163 /* NBTimelineRow.swift */,
			);
			path = Design;
			sourceTree = "<group>";
		};
		00000000000000000000001C /* Tests */ = {
			isa = PBXGroup;
			children = (
				00000000000000000000012C /* AudioRingBufferTests.swift */,
				000000000000000000000130 /* AudioFeatureExtractorTests.swift */,
				000000000000000000000131 /* RuleBasedSleepEventDetectorTests.swift */,
				000000000000000000000137 /* RuleBasedDetectorValidationTests.swift */,
				000000000000000000000152 /* DetectorDiagnosticsCollectorTests.swift */,
				000000000000000000000156 /* DetectorTuningProfileTests.swift */,
				000000000000000000000157 /* DetectorThresholdConfigurationTests.swift */,
				000000000000000000000158 /* ZeroEventAnalysisTests.swift */,
				00000000000000000000013F /* ModelOutputMapperTests.swift */,
				000000000000000000000140 /* CoreMLSleepEventDetectorTests.swift */,
				000000000000000000000141 /* CompositeSleepEventDetectorTests.swift */,
				000000000000000000000146 /* SampleMetadataStoreTests.swift */,
				000000000000000000000148 /* AudioCaptureMetricsTests.swift */,
				00000000000000000000014A /* DebugSampleStoragePolicyTests.swift */,
				00000000000000000000014D /* EventAudioSnippetStoreTests.swift */,
				00000000000000000000014F /* UserSettingsTests.swift */,
				00000000000000000000016A /* SyntheticAudioSourceTests.swift */,
				00000000000000000000016B /* DatasetReplayAudioSourceTests.swift */,
				00000000000000000000016C /* AudioSourceProtocolTests.swift */,
				00000000000000000000016F /* SimulatorQAScenarioTests.swift */,
				000000000000000000000132 /* DetectionSmoothingPolicyTests.swift */,
				000000000000000000000133 /* SleepAnalysisPipelineTests.swift */,
				000000000000000000000134 /* SleepRepositoryTests.swift */,
				000000000000000000000174 /* TrendAggregatorTests.swift */,
				000000000000000000000178 /* CalibrationServiceTests.swift */,
				000000000000000000000179 /* OnboardingCopyTests.swift */,
				00000000000000000000017E /* MockHealthKitServiceTests.swift */,
				000000000000000000000182 /* HealthMetricUnitConversionTests.swift */,
				000000000000000000000183 /* HealthKitReadOnlyPolicyTests.swift */,
				000000000000000000000188 /* HealthMetricTrendCalculatorTests.swift */,
				000000000000000000000128 /* SleepScoreCalculatorTests.swift */,
				000000000000000000000129 /* SleepEventAggregatorTests.swift */,
			);
			path = Tests;
			sourceTree = "<group>";
		};
/* End PBXGroup section */

/* Begin PBXNativeTarget section */
		000000000000000000000003 /* SleepSoundApp */ = {
			isa = PBXNativeTarget;
			buildConfigurationList = 000000000000000000000009 /* Build configuration list for PBXNativeTarget "SleepSoundApp" */;
			buildPhases = (
				000000000000000000000005 /* Sources */,
				000000000000000000000006 /* Frameworks */,
				000000000000000000000007 /* Resources */,
			);
			buildRules = (
			);
			dependencies = (
			);
			name = SleepSoundApp;
			productName = SleepSoundApp;
			productReference = 000000000000000000000004 /* SleepSoundApp.app */;
			productType = "com.apple.product-type.application";
		};
/* End PBXNativeTarget section */

/* Begin PBXProject section */
		000000000000000000000002 /* Project object */ = {
			isa = PBXProject;
			attributes = {
				BuildIndependentTargetsInParallel = 1;
				LastSwiftUpdateCheck = 1600;
				LastUpgradeCheck = 1600;
				TargetAttributes = {
					000000000000000000000003 = {
						CreatedOnToolsVersion = 16.0;
						SystemCapabilities = {
							com.apple.HealthKit = {
								enabled = 1;
							};
						};
					};
				};
			};
			buildConfigurationList = 000000000000000000000008 /* Build configuration list for PBXProject "SleepSoundApp" */;
			compatibilityVersion = "Xcode 15.0";
			developmentRegion = en;
			hasScannedForEncodings = 0;
			knownRegions = (
				en,
				Base,
			);
			mainGroup = 000000000000000000000001;
			productRefGroup = 00000000000000000000000E /* Products */;
			projectDirPath = "";
			projectRoot = "";
			targets = (
				000000000000000000000003 /* SleepSoundApp */,
			);
		};
/* End PBXProject section */

/* Begin PBXResourcesBuildPhase section */
		000000000000000000000007 /* Resources */ = {
			isa = PBXResourcesBuildPhase;
			buildActionMask = 2147483647;
			files = (
			);
			runOnlyForDeploymentPostprocessing = 0;
		};
/* End PBXResourcesBuildPhase section */

/* Begin PBXSourcesBuildPhase section */
		000000000000000000000005 /* Sources */ = {
			isa = PBXSourcesBuildPhase;
			buildActionMask = 2147483647;
			files = (
				000000000000000000000201 /* SleepSoundApp.swift in Sources */,
				000000000000000000000202 /* AppState.swift in Sources */,
				000000000000000000000203 /* Formatting.swift in Sources */,
				000000000000000000000204 /* AudioFeatureExtractor.swift in Sources */,
				000000000000000000000228 /* AudioFeatures.swift in Sources */,
				000000000000000000000205 /* DetectorOutput.swift in Sources */,
				000000000000000000000227 /* SleepEventDetector.swift in Sources */,
				00000000000000000000023C /* DetectorDiagnostics.swift in Sources */,
				00000000000000000000023D /* DetectorThresholdConfiguration.swift in Sources */,
				00000000000000000000023E /* ZeroEventAnalysis.swift in Sources */,
				000000000000000000000253 /* BreathingActivityEstimator.swift in Sources */,
				000000000000000000000254 /* SuspectedBreathingPauseSequenceDetector.swift in Sources */,
				000000000000000000000255 /* TrendAnalytics.swift in Sources */,
				000000000000000000000206 /* RuleBasedSleepEventDetector.swift in Sources */,
				000000000000000000000229 /* DetectionSmoothingPolicy.swift in Sources */,
				00000000000000000000022B /* FeatureCSVExporter.swift in Sources */,
				00000000000000000000022C /* SleepDetectionBackend.swift in Sources */,
				00000000000000000000022D /* CoreMLDetectorConfiguration.swift in Sources */,
				00000000000000000000022E /* ModelInputAdapter.swift in Sources */,
				00000000000000000000022F /* MLModelProvider.swift in Sources */,
				000000000000000000000230 /* ModelOutputMapper.swift in Sources */,
				000000000000000000000231 /* CoreMLSleepEventDetector.swift in Sources */,
				000000000000000000000232 /* CompositeSleepEventDetector.swift in Sources */,
				000000000000000000000233 /* SampleLabel.swift in Sources */,
				000000000000000000000234 /* LabeledAudioSample.swift in Sources */,
				000000000000000000000235 /* SampleMetadataStore.swift in Sources */,
				000000000000000000000238 /* DebugSampleStoragePolicy.swift in Sources */,
				000000000000000000000207 /* SleepAnalyzer.swift in Sources */,
				000000000000000000000208 /* SleepEventAggregator.swift in Sources */,
				000000000000000000000209 /* SleepScoreCalculator.swift in Sources */,
				00000000000000000000020A /* AudioCaptureService.swift in Sources */,
				000000000000000000000226 /* AudioCaptureServiceProtocol.swift in Sources */,
				000000000000000000000225 /* AudioCaptureState.swift in Sources */,
				000000000000000000000237 /* AudioCaptureMetrics.swift in Sources */,
				000000000000000000000257 /* CalibrationService.swift in Sources */,
				00000000000000000000024B /* AudioSourceProtocol.swift in Sources */,
				00000000000000000000024C /* RealMicrophoneAudioSource.swift in Sources */,
				00000000000000000000024D /* SyntheticAudioSource.swift in Sources */,
				00000000000000000000024E /* DatasetReplayAudioSource.swift in Sources */,
				00000000000000000000020B /* AudioChunk.swift in Sources */,
				00000000000000000000020C /* AudioRingBuffer.swift in Sources */,
				00000000000000000000020D /* AudioSessionManager.swift in Sources */,
				00000000000000000000020E /* HealthDashboardPlaceholder.swift in Sources */,
				00000000000000000000020F /* HealthKitServiceProtocol.swift in Sources */,
				00000000000000000000025E /* HealthKitService.swift in Sources */,
				00000000000000000000025F /* HealthMetricUnitConversion.swift in Sources */,
				000000000000000000000260 /* HealthMetricTrendCalculator.swift in Sources */,
				000000000000000000000210 /* HealthMetricType.swift in Sources */,
				00000000000000000000025B /* MockHealthKitService.swift in Sources */,
				00000000000000000000025A /* HealthMetricChartData.swift in Sources */,
				000000000000000000000211 /* HealthMetricSample.swift in Sources */,
				000000000000000000000212 /* MockSleepDataFactory.swift in Sources */,
				000000000000000000000213 /* MorningCheckIn.swift in Sources */,
				000000000000000000000214 /* NightReport.swift in Sources */,
				000000000000000000000215 /* SleepEvent.swift in Sources */,
				000000000000000000000216 /* SleepSession.swift in Sources */,
				00000000000000000000024F /* PublicDatasetManifest.swift in Sources */,
				000000000000000000000251 /* SimulatorQAScenario.swift in Sources */,
				000000000000000000000217 /* AudioRetentionPolicy.swift in Sources */,
				000000000000000000000218 /* PrivacyPolicyModel.swift in Sources */,
				00000000000000000000023A /* UserSettings.swift in Sources */,
				000000000000000000000240 /* NBColor.swift in Sources */,
				000000000000000000000241 /* NBSpacing.swift in Sources */,
				000000000000000000000242 /* NBTypography.swift in Sources */,
				000000000000000000000243 /* NBCornerRadius.swift in Sources */,
				000000000000000000000244 /* NBShadow.swift in Sources */,
				000000000000000000000245 /* NBCard.swift in Sources */,
				000000000000000000000246 /* NBButton.swift in Sources */,
				000000000000000000000247 /* NBBadge.swift in Sources */,
				000000000000000000000248 /* NBListRow.swift in Sources */,
				000000000000000000000249 /* NBMetricCard.swift in Sources */,
				00000000000000000000024A /* NBTimelineRow.swift in Sources */,
				000000000000000000000219 /* LocalDataStore.swift in Sources */,
				00000000000000000000021A /* SleepRepository.swift in Sources */,
				00000000000000000000023B /* EventAudioStorageStats.swift in Sources */,
				000000000000000000000239 /* EventAudioSnippetStore.swift in Sources */,
				00000000000000000000021B /* HomeDashboardView.swift in Sources */,
				00000000000000000000021C /* TrendChartView.swift in Sources */,
				000000000000000000000256 /* TrendDashboardView.swift in Sources */,
				00000000000000000000025C /* HealthDashboardView.swift in Sources */,
				000000000000000000000261 /* HealthDashboardSupport.swift in Sources */,
				000000000000000000000262 /* BloodPressureDashboardView.swift in Sources */,
				000000000000000000000263 /* BodyCompositionDashboardView.swift in Sources */,
				00000000000000000000025D /* HealthMetricChartView.swift in Sources */,
				000000000000000000000258 /* OnboardingView.swift in Sources */,
				000000000000000000000259 /* CalibrationView.swift in Sources */,
				00000000000000000000021D /* DevicePlacementGuideView.swift in Sources */,
				00000000000000000000021E /* PrivacySettingsView.swift in Sources */,
				00000000000000000000022A /* AudioDebugView.swift in Sources */,
				000000000000000000000236 /* SampleCaptureView.swift in Sources */,
				00000000000000000000023F /* DetectorTuningView.swift in Sources */,
				000000000000000000000250 /* DatasetReplayView.swift in Sources */,
				000000000000000000000252 /* SimulatorScenarioView.swift in Sources */,
				00000000000000000000021F /* MorningCheckInView.swift in Sources */,
				000000000000000000000220 /* SleepEventStyle.swift in Sources */,
				000000000000000000000221 /* SleepRecordingView.swift in Sources */,
				000000000000000000000222 /* SleepReportView.swift in Sources */,
				000000000000000000000223 /* SleepStartView.swift in Sources */,
				000000000000000000000224 /* SleepTimelineView.swift in Sources */,
			);
			runOnlyForDeploymentPostprocessing = 0;
		};
/* End PBXSourcesBuildPhase section */

/* Begin XCBuildConfiguration section */
		00000000000000000000000A /* Debug */ = {
			isa = XCBuildConfiguration;
			buildSettings = {
				ALWAYS_SEARCH_USER_PATHS = NO;
				CLANG_ANALYZER_NONNULL = YES;
				CLANG_ANALYZER_NUMBER_OBJECT_CONVERSION = YES_AGGRESSIVE;
				CLANG_CXX_LANGUAGE_STANDARD = "gnu++20";
				CLANG_ENABLE_MODULES = YES;
				CLANG_ENABLE_OBJC_ARC = YES;
				CLANG_ENABLE_OBJC_WEAK = YES;
				CLANG_WARN_BLOCK_CAPTURE_AUTORELEASING = YES;
				CLANG_WARN_BOOL_CONVERSION = YES;
				CLANG_WARN_COMMA = YES;
				CLANG_WARN_CONSTANT_CONVERSION = YES;
				CLANG_WARN_DEPRECATED_OBJC_IMPLEMENTATIONS = YES;
				CLANG_WARN_DIRECT_OBJC_ISA_USAGE = YES_ERROR;
				CLANG_WARN_DOCUMENTATION_COMMENTS = YES;
				CLANG_WARN_EMPTY_BODY = YES;
				CLANG_WARN_ENUM_CONVERSION = YES;
				CLANG_WARN_INFINITE_RECURSION = YES;
				CLANG_WARN_INT_CONVERSION = YES;
				CLANG_WARN_NON_LITERAL_NULL_CONVERSION = YES;
				CLANG_WARN_OBJC_IMPLICIT_RETAIN_SELF = YES;
				CLANG_WARN_OBJC_LITERAL_CONVERSION = YES;
				CLANG_WARN_OBJC_ROOT_CLASS = YES_ERROR;
				CLANG_WARN_QUOTED_INCLUDE_IN_FRAMEWORK_HEADER = YES;
				CLANG_WARN_RANGE_LOOP_ANALYSIS = YES;
				CLANG_WARN_STRICT_PROTOTYPES = YES;
				CLANG_WARN_SUSPICIOUS_MOVE = YES;
				CLANG_WARN_UNGUARDED_AVAILABILITY = YES_AGGRESSIVE;
				CLANG_WARN_UNREACHABLE_CODE = YES;
				CLANG_WARN__DUPLICATE_METHOD_MATCH = YES;
				COPY_PHASE_STRIP = NO;
				DEBUG_INFORMATION_FORMAT = dwarf;
				ENABLE_STRICT_OBJC_MSGSEND = YES;
				ENABLE_TESTABILITY = YES;
				ENABLE_USER_SCRIPT_SANDBOXING = YES;
				GCC_C_LANGUAGE_STANDARD = gnu17;
				GCC_DYNAMIC_NO_PIC = NO;
				GCC_NO_COMMON_BLOCKS = YES;
				GCC_OPTIMIZATION_LEVEL = 0;
				GCC_PREPROCESSOR_DEFINITIONS = (
					"DEBUG=1",
					"$(inherited)",
				);
				GCC_WARN_64_TO_32_BIT_CONVERSION = YES;
				GCC_WARN_ABOUT_RETURN_TYPE = YES_ERROR;
				GCC_WARN_UNDECLARED_SELECTOR = YES;
				GCC_WARN_UNINITIALIZED_AUTOS = YES_AGGRESSIVE;
				GCC_WARN_UNUSED_FUNCTION = YES;
				GCC_WARN_UNUSED_VARIABLE = YES;
				IPHONEOS_DEPLOYMENT_TARGET = 17.0;
				MTL_ENABLE_DEBUG_INFO = INCLUDE_SOURCE;
				MTL_FAST_MATH = YES;
				ONLY_ACTIVE_ARCH = YES;
				SDKROOT = iphoneos;
				SWIFT_ACTIVE_COMPILATION_CONDITIONS = DEBUG;
				SWIFT_OPTIMIZATION_LEVEL = "-Onone";
				SWIFT_VERSION = 6.0;
			};
			name = Debug;
		};
		00000000000000000000000B /* Release */ = {
			isa = XCBuildConfiguration;
			buildSettings = {
				ALWAYS_SEARCH_USER_PATHS = NO;
				CLANG_ANALYZER_NONNULL = YES;
				CLANG_ANALYZER_NUMBER_OBJECT_CONVERSION = YES_AGGRESSIVE;
				CLANG_CXX_LANGUAGE_STANDARD = "gnu++20";
				CLANG_ENABLE_MODULES = YES;
				CLANG_ENABLE_OBJC_ARC = YES;
				CLANG_ENABLE_OBJC_WEAK = YES;
				CLANG_WARN_BLOCK_CAPTURE_AUTORELEASING = YES;
				CLANG_WARN_BOOL_CONVERSION = YES;
				CLANG_WARN_COMMA = YES;
				CLANG_WARN_CONSTANT_CONVERSION = YES;
				CLANG_WARN_DEPRECATED_OBJC_IMPLEMENTATIONS = YES;
				CLANG_WARN_DIRECT_OBJC_ISA_USAGE = YES_ERROR;
				CLANG_WARN_DOCUMENTATION_COMMENTS = YES;
				CLANG_WARN_EMPTY_BODY = YES;
				CLANG_WARN_ENUM_CONVERSION = YES;
				CLANG_WARN_INFINITE_RECURSION = YES;
				CLANG_WARN_INT_CONVERSION = YES;
				CLANG_WARN_NON_LITERAL_NULL_CONVERSION = YES;
				CLANG_WARN_OBJC_IMPLICIT_RETAIN_SELF = YES;
				CLANG_WARN_OBJC_LITERAL_CONVERSION = YES;
				CLANG_WARN_OBJC_ROOT_CLASS = YES_ERROR;
				CLANG_WARN_QUOTED_INCLUDE_IN_FRAMEWORK_HEADER = YES;
				CLANG_WARN_RANGE_LOOP_ANALYSIS = YES;
				CLANG_WARN_STRICT_PROTOTYPES = YES;
				CLANG_WARN_SUSPICIOUS_MOVE = YES;
				CLANG_WARN_UNGUARDED_AVAILABILITY = YES_AGGRESSIVE;
				CLANG_WARN_UNREACHABLE_CODE = YES;
				CLANG_WARN__DUPLICATE_METHOD_MATCH = YES;
				COPY_PHASE_STRIP = NO;
				DEBUG_INFORMATION_FORMAT = "dwarf-with-dsym";
				ENABLE_NS_ASSERTIONS = NO;
				ENABLE_STRICT_OBJC_MSGSEND = YES;
				ENABLE_USER_SCRIPT_SANDBOXING = YES;
				GCC_C_LANGUAGE_STANDARD = gnu17;
				GCC_NO_COMMON_BLOCKS = YES;
				GCC_WARN_64_TO_32_BIT_CONVERSION = YES;
				GCC_WARN_ABOUT_RETURN_TYPE = YES_ERROR;
				GCC_WARN_UNDECLARED_SELECTOR = YES;
				GCC_WARN_UNINITIALIZED_AUTOS = YES_AGGRESSIVE;
				GCC_WARN_UNUSED_FUNCTION = YES;
				GCC_WARN_UNUSED_VARIABLE = YES;
				IPHONEOS_DEPLOYMENT_TARGET = 17.0;
				MTL_ENABLE_DEBUG_INFO = NO;
				MTL_FAST_MATH = YES;
				SDKROOT = iphoneos;
				SWIFT_COMPILATION_MODE = wholemodule;
				SWIFT_OPTIMIZATION_LEVEL = "-O";
				SWIFT_VERSION = 6.0;
				VALIDATE_PRODUCT = YES;
			};
			name = Release;
		};
		00000000000000000000000C /* Debug */ = {
			isa = XCBuildConfiguration;
			buildSettings = {
				ASSETCATALOG_COMPILER_GLOBAL_ACCENT_COLOR_NAME = AccentColor;
				CODE_SIGN_ENTITLEMENTS = SleepSoundApp/App/SleepSoundApp.entitlements;
				CODE_SIGN_STYLE = Automatic;
				CURRENT_PROJECT_VERSION = 1;
				DEVELOPMENT_TEAM = AJ28VHUP9L;
				GENERATE_INFOPLIST_FILE = NO;
				INFOPLIST_FILE = SleepSoundApp/App/Info.plist;
				INFOPLIST_KEY_CFBundleDisplayName = NightBreath;
				INFOPLIST_KEY_NSMicrophoneUsageDescription = "수면 중 감지된 소리 기반 지표를 온디바이스로 분석하기 위해 마이크 접근이 필요합니다.";
				INFOPLIST_KEY_UIApplicationSceneManifest_Generation = YES;
				INFOPLIST_KEY_UIApplicationSupportsIndirectInputEvents = YES;
				INFOPLIST_KEY_UIBackgroundModes = audio;
				INFOPLIST_KEY_UILaunchScreen_Generation = YES;
				INFOPLIST_KEY_UISupportedInterfaceOrientations_iPhone = UIInterfaceOrientationPortrait;
				LD_RUNPATH_SEARCH_PATHS = (
					"$(inherited)",
					"@executable_path/Frameworks",
				);
				MARKETING_VERSION = 1.0;
				PRODUCT_BUNDLE_IDENTIFIER = com.local.NightBreath;
				PRODUCT_NAME = "$(TARGET_NAME)";
				SUPPORTED_PLATFORMS = "iphoneos iphonesimulator";
				SUPPORTS_MACCATALYST = NO;
				SUPPORTS_MAC_DESIGNED_FOR_IPHONE_IPAD = NO;
				SWIFT_EMIT_LOC_STRINGS = YES;
				SWIFT_VERSION = 6.0;
				TARGETED_DEVICE_FAMILY = 1;
			};
			name = Debug;
		};
		00000000000000000000000D /* Release */ = {
			isa = XCBuildConfiguration;
			buildSettings = {
				ASSETCATALOG_COMPILER_GLOBAL_ACCENT_COLOR_NAME = AccentColor;
				CODE_SIGN_ENTITLEMENTS = SleepSoundApp/App/SleepSoundApp.entitlements;
				CODE_SIGN_STYLE = Automatic;
				CURRENT_PROJECT_VERSION = 1;
				DEVELOPMENT_TEAM = AJ28VHUP9L;
				GENERATE_INFOPLIST_FILE = NO;
				INFOPLIST_FILE = SleepSoundApp/App/Info.plist;
				INFOPLIST_KEY_CFBundleDisplayName = NightBreath;
				INFOPLIST_KEY_NSMicrophoneUsageDescription = "수면 중 감지된 소리 기반 지표를 온디바이스로 분석하기 위해 마이크 접근이 필요합니다.";
				INFOPLIST_KEY_UIApplicationSceneManifest_Generation = YES;
				INFOPLIST_KEY_UIApplicationSupportsIndirectInputEvents = YES;
				INFOPLIST_KEY_UIBackgroundModes = audio;
				INFOPLIST_KEY_UILaunchScreen_Generation = YES;
				INFOPLIST_KEY_UISupportedInterfaceOrientations_iPhone = UIInterfaceOrientationPortrait;
				LD_RUNPATH_SEARCH_PATHS = (
					"$(inherited)",
					"@executable_path/Frameworks",
				);
				MARKETING_VERSION = 1.0;
				PRODUCT_BUNDLE_IDENTIFIER = com.local.NightBreath;
				PRODUCT_NAME = "$(TARGET_NAME)";
				SUPPORTED_PLATFORMS = "iphoneos iphonesimulator";
				SUPPORTS_MACCATALYST = NO;
				SUPPORTS_MAC_DESIGNED_FOR_IPHONE_IPAD = NO;
				SWIFT_EMIT_LOC_STRINGS = YES;
				SWIFT_VERSION = 6.0;
				TARGETED_DEVICE_FAMILY = 1;
			};
			name = Release;
		};
/* End XCBuildConfiguration section */

/* Begin XCConfigurationList section */
		000000000000000000000008 /* Build configuration list for PBXProject "SleepSoundApp" */ = {
			isa = XCConfigurationList;
			buildConfigurations = (
				00000000000000000000000A /* Debug */,
				00000000000000000000000B /* Release */,
			);
			defaultConfigurationIsVisible = 0;
			defaultConfigurationName = Release;
		};
		000000000000000000000009 /* Build configuration list for PBXNativeTarget "SleepSoundApp" */ = {
			isa = XCConfigurationList;
			buildConfigurations = (
				00000000000000000000000C /* Debug */,
				00000000000000000000000D /* Release */,
			);
			defaultConfigurationIsVisible = 0;
			defaultConfigurationName = Release;
		};
/* End XCConfigurationList section */
	};
	rootObject = 000000000000000000000002 /* Project object */;
}
